// !$*UTF8*$!
{
	archiveVersion = 1;
	classes = {
	};
	objectVersion = 55;
	objects = {

/* Begin PBXBuildFile section */
		A51AA6A42899539A0081AE4B /* Factory in Frameworks */ = {isa = PBXBuildFile; productRef = A51AA6A32899539A0081AE4B /* Factory */; };
		A51AA6A62899543F0081AE4B /* GameNetApp+RepositoryInjection.swift in Sources */ = {isa = PBXBuildFile; fileRef = A51AA6A52899543F0081AE4B /* GameNetApp+RepositoryInjection.swift */; };
		A51AA6A8289954EA0081AE4B /* GameNetApp+DataSourceInjection.swift in Sources */ = {isa = PBXBuildFile; fileRef = A51AA6A7289954EA0081AE4B /* GameNetApp+DataSourceInjection.swift */; };
		A51AA6AB289955140081AE4B /* LoginDataSource.swift in Sources */ = {isa = PBXBuildFile; fileRef = A51AA6AA289955140081AE4B /* LoginDataSource.swift */; };
		A51AA6AE289955540081AE4B /* Login.swift in Sources */ = {isa = PBXBuildFile; fileRef = A51AA6AD289955540081AE4B /* Login.swift */; };
		A524F51D28B4FB5F00A91627 /* PlatformDataSourceTest.swift in Sources */ = {isa = PBXBuildFile; fileRef = A524F51C28B4FB5F00A91627 /* PlatformDataSourceTest.swift */; };
		A524F52028B4FC0700A91627 /* PlatformDataSource.swift in Sources */ = {isa = PBXBuildFile; fileRef = A524F51F28B4FC0700A91627 /* PlatformDataSource.swift */; };
		A524F52228B4FC1100A91627 /* MockPlatformDataSource.swift in Sources */ = {isa = PBXBuildFile; fileRef = A524F52128B4FC1100A91627 /* MockPlatformDataSource.swift */; };
		A524F52528B5064C00A91627 /* PlatformRepositoryTests.swift in Sources */ = {isa = PBXBuildFile; fileRef = A524F52428B5064C00A91627 /* PlatformRepositoryTests.swift */; };
		A524F52828B506E800A91627 /* PlatformRepository.swift in Sources */ = {isa = PBXBuildFile; fileRef = A524F52728B506E800A91627 /* PlatformRepository.swift */; };
		A524F52A28B506F300A91627 /* MockPlatformRepository.swift in Sources */ = {isa = PBXBuildFile; fileRef = A524F52928B506F300A91627 /* MockPlatformRepository.swift */; };
		A524F52D28B50BD300A91627 /* PlatformsViewModelTests.swift in Sources */ = {isa = PBXBuildFile; fileRef = A524F52C28B50BD300A91627 /* PlatformsViewModelTests.swift */; };
		A524F53028B50D3C00A91627 /* PlatformResponseMock.swift in Sources */ = {isa = PBXBuildFile; fileRef = A524F52F28B50D3C00A91627 /* PlatformResponseMock.swift */; };
		A524F53628B5105000A91627 /* PlatformsState.swift in Sources */ = {isa = PBXBuildFile; fileRef = A524F53528B5105000A91627 /* PlatformsState.swift */; };
		A524F53828B5106B00A91627 /* PlatformsViewModel.swift in Sources */ = {isa = PBXBuildFile; fileRef = A524F53728B5106B00A91627 /* PlatformsViewModel.swift */; };
		A524F53A28B5484600A91627 /* NavigationViewModifier.swift in Sources */ = {isa = PBXBuildFile; fileRef = A524F53928B5484600A91627 /* NavigationViewModifier.swift */; };
		A53661682899678000D52088 /* MockLoginDataSource.swift in Sources */ = {isa = PBXBuildFile; fileRef = A53661672899678000D52088 /* MockLoginDataSource.swift */; };
		A536616B2899820700D52088 /* OHHTTPStubs in Frameworks */ = {isa = PBXBuildFile; productRef = A536616A2899820700D52088 /* OHHTTPStubs */; };
		A536616D2899820700D52088 /* OHHTTPStubsSwift in Frameworks */ = {isa = PBXBuildFile; productRef = A536616C2899820700D52088 /* OHHTTPStubsSwift */; };
		A53661702899828700D52088 /* LoginNetworkTests.swift in Sources */ = {isa = PBXBuildFile; fileRef = A536616F2899828700D52088 /* LoginNetworkTests.swift */; };
		A53661732899837B00D52088 /* StubRequests.swift in Sources */ = {isa = PBXBuildFile; fileRef = A53661722899837B00D52088 /* StubRequests.swift */; };
		A5366176289983A600D52088 /* LoginResponseMock.swift in Sources */ = {isa = PBXBuildFile; fileRef = A5366175289983A600D52088 /* LoginResponseMock.swift */; };
		A536617B289987FB00D52088 /* LoginRepositoryTests.swift in Sources */ = {isa = PBXBuildFile; fileRef = A536617A289987FB00D52088 /* LoginRepositoryTests.swift */; };
		A536617D2899883B00D52088 /* MockLoginRepository.swift in Sources */ = {isa = PBXBuildFile; fileRef = A536617C2899883B00D52088 /* MockLoginRepository.swift */; };
		A53661812899890300D52088 /* LoginViewModelTests.swift in Sources */ = {isa = PBXBuildFile; fileRef = A53661802899890300D52088 /* LoginViewModelTests.swift */; };
		A5507EB92901CD260040C801 /* GamesViewModel.swift in Sources */ = {isa = PBXBuildFile; fileRef = A5507EB82901CD260040C801 /* GamesViewModel.swift */; };
		A5507EBB2901CD930040C801 /* GamesState.swift in Sources */ = {isa = PBXBuildFile; fileRef = A5507EBA2901CD930040C801 /* GamesState.swift */; };
		A5507EBE2901CEDA0040C801 /* GameRepository.swift in Sources */ = {isa = PBXBuildFile; fileRef = A5507EBD2901CEDA0040C801 /* GameRepository.swift */; };
		A5507EC02901CF9A0040C801 /* MockGameRepository.swift in Sources */ = {isa = PBXBuildFile; fileRef = A5507EBF2901CF9A0040C801 /* MockGameRepository.swift */; };
		A5507EC32901D0950040C801 /* GameDataSource.swift in Sources */ = {isa = PBXBuildFile; fileRef = A5507EC22901D0950040C801 /* GameDataSource.swift */; };
		A56A95EE28B3E5E000CAAFFF /* DashboardResponseMock.swift in Sources */ = {isa = PBXBuildFile; fileRef = A56A95ED28B3E5E000CAAFFF /* DashboardResponseMock.swift */; };
		A56A95F028B3FBD300CAAFFF /* DashboardState.swift in Sources */ = {isa = PBXBuildFile; fileRef = A56A95EF28B3FBD300CAAFFF /* DashboardState.swift */; };
		A56A95F428B3FDAE00CAAFFF /* APIError.swift in Sources */ = {isa = PBXBuildFile; fileRef = A56A95F328B3FDAE00CAAFFF /* APIError.swift */; };
		A56A95F628B4010600CAAFFF /* Date+Extensions.swift in Sources */ = {isa = PBXBuildFile; fileRef = A56A95F528B4010600CAAFFF /* Date+Extensions.swift */; };
		A56A95F828B405DB00CAAFFF /* Number+Extensions.swift in Sources */ = {isa = PBXBuildFile; fileRef = A56A95F728B405DB00CAAFFF /* Number+Extensions.swift */; };
		A56D955C2899576A003C13A3 /* LoginRepository.swift in Sources */ = {isa = PBXBuildFile; fileRef = A56D955B2899576A003C13A3 /* LoginRepository.swift */; };
		A56D955F289958B2003C13A3 /* RequestError.swift in Sources */ = {isa = PBXBuildFile; fileRef = A56D955E289958B2003C13A3 /* RequestError.swift */; };
		A56D956928996508003C13A3 /* LoginDataSourceTests.swift in Sources */ = {isa = PBXBuildFile; fileRef = A56D956828996508003C13A3 /* LoginDataSourceTests.swift */; };
		A56DB65F28B3B95900614046 /* DashboardViewModel.swift in Sources */ = {isa = PBXBuildFile; fileRef = A56DB65E28B3B95900614046 /* DashboardViewModel.swift */; };
		A56DB66328B3BAE000614046 /* DashboardDataSourceTests.swift in Sources */ = {isa = PBXBuildFile; fileRef = A56DB66228B3BAE000614046 /* DashboardDataSourceTests.swift */; };
		A56DB66528B3BB2600614046 /* DashboardDataSource.swift in Sources */ = {isa = PBXBuildFile; fileRef = A56DB66428B3BB2600614046 /* DashboardDataSource.swift */; };
		A56DB66728B3BD1600614046 /* MockDashboardDataSource.swift in Sources */ = {isa = PBXBuildFile; fileRef = A56DB66628B3BD1600614046 /* MockDashboardDataSource.swift */; };
		A56DB66A28B3C1AC00614046 /* DashboardRepository.swift in Sources */ = {isa = PBXBuildFile; fileRef = A56DB66928B3C1AC00614046 /* DashboardRepository.swift */; };
		A56DB66C28B3C1B700614046 /* MockDashboardRepository.swift in Sources */ = {isa = PBXBuildFile; fileRef = A56DB66B28B3C1B700614046 /* MockDashboardRepository.swift */; };
		A56DB66F28B3C2B700614046 /* DashboardRepositoryTests.swift in Sources */ = {isa = PBXBuildFile; fileRef = A56DB66E28B3C2B700614046 /* DashboardRepositoryTests.swift */; };
		A56DB67228B3C37200614046 /* DashboardViewModelTests.swift in Sources */ = {isa = PBXBuildFile; fileRef = A56DB67128B3C37200614046 /* DashboardViewModelTests.swift */; };
		A57185C5286793D600655B31 /* GameNetApp.swift in Sources */ = {isa = PBXBuildFile; fileRef = A57185C4286793D600655B31 /* GameNetApp.swift */; };
		A57185C7286793D600655B31 /* LoginView.swift in Sources */ = {isa = PBXBuildFile; fileRef = A57185C6286793D600655B31 /* LoginView.swift */; };
		A57185C9286793D700655B31 /* Assets.xcassets in Resources */ = {isa = PBXBuildFile; fileRef = A57185C8286793D700655B31 /* Assets.xcassets */; };
		A57185CC286793D700655B31 /* Preview Assets.xcassets in Resources */ = {isa = PBXBuildFile; fileRef = A57185CB286793D700655B31 /* Preview Assets.xcassets */; };
		A57185D52867953F00655B31 /* Color.swift in Sources */ = {isa = PBXBuildFile; fileRef = A57185D42867953F00655B31 /* Color.swift */; };
		A57185D92867984400655B31 /* MainButtonStyle.swift in Sources */ = {isa = PBXBuildFile; fileRef = A57185D82867984400655B31 /* MainButtonStyle.swift */; };
		A59DB73228B114EE009B7641 /* Font.swift in Sources */ = {isa = PBXBuildFile; fileRef = A59DB73128B114EE009B7641 /* Font.swift */; };
		A59E763528B6ABD4003CBA3E /* EditPlatformViewModelTests.swift in Sources */ = {isa = PBXBuildFile; fileRef = A59E763428B6ABD4003CBA3E /* EditPlatformViewModelTests.swift */; };
		A59E763728B6AC65003CBA3E /* EditPlatformViewModel.swift in Sources */ = {isa = PBXBuildFile; fileRef = A59E763628B6AC65003CBA3E /* EditPlatformViewModel.swift */; };
		A59E763928B6AD46003CBA3E /* PlatformRouter.swift in Sources */ = {isa = PBXBuildFile; fileRef = A59E763828B6AD46003CBA3E /* PlatformRouter.swift */; };
		A59E763B28B6AE1F003CBA3E /* EditPlatformView.swift in Sources */ = {isa = PBXBuildFile; fileRef = A59E763A28B6AE1F003CBA3E /* EditPlatformView.swift */; };
		A59E763D28B6B331003CBA3E /* EditPlatformState.swift in Sources */ = {isa = PBXBuildFile; fileRef = A59E763C28B6B331003CBA3E /* EditPlatformState.swift */; };
		A5B5D3D2289AE2C4004096F4 /* DashboardView.swift in Sources */ = {isa = PBXBuildFile; fileRef = A5B5D3D1289AE2C4004096F4 /* DashboardView.swift */; };
		A5B5D3D4289AE2D5004096F4 /* GamesView.swift in Sources */ = {isa = PBXBuildFile; fileRef = A5B5D3D3289AE2D5004096F4 /* GamesView.swift */; };
		A5B5D3D6289AE2DD004096F4 /* PlatformsView.swift in Sources */ = {isa = PBXBuildFile; fileRef = A5B5D3D5289AE2DD004096F4 /* PlatformsView.swift */; };
		A5B5D3D8289AE2E6004096F4 /* ListsView.swift in Sources */ = {isa = PBXBuildFile; fileRef = A5B5D3D7289AE2E5004096F4 /* ListsView.swift */; };
		A5B5D3DC289B0933004096F4 /* View+Extensions.swift in Sources */ = {isa = PBXBuildFile; fileRef = A5B5D3DB289B0933004096F4 /* View+Extensions.swift */; };
		A5DCFD4F28E62835003C280C /* EditPlatformResponseMock.swift in Sources */ = {isa = PBXBuildFile; fileRef = A5DCFD4E28E62835003C280C /* EditPlatformResponseMock.swift */; };
		A5E489F528958EE80037023C /* LoginState.swift in Sources */ = {isa = PBXBuildFile; fileRef = A5E489F428958EE80037023C /* LoginState.swift */; };
		A5E489F728958F0A0037023C /* LoginRouter.swift in Sources */ = {isa = PBXBuildFile; fileRef = A5E489F628958F0A0037023C /* LoginRouter.swift */; };
		A5E489F928958F4F0037023C /* LoginViewModel.swift in Sources */ = {isa = PBXBuildFile; fileRef = A5E489F828958F4F0037023C /* LoginViewModel.swift */; };
		A5E489FE289590120037023C /* HomeView.swift in Sources */ = {isa = PBXBuildFile; fileRef = A5E489FD289590120037023C /* HomeView.swift */; };
		A5E48A002895901C0037023C /* HomeViewModel.swift in Sources */ = {isa = PBXBuildFile; fileRef = A5E489FF2895901C0037023C /* HomeViewModel.swift */; };
		A5E48A1A2895B2450037023C /* GameNet.Network in Frameworks */ = {isa = PBXBuildFile; productRef = A5E48A192895B2450037023C /* GameNet.Network */; };
/* End PBXBuildFile section */

/* Begin PBXContainerItemProxy section */
		A56D956A28996508003C13A3 /* PBXContainerItemProxy */ = {
			isa = PBXContainerItemProxy;
			containerPortal = A57185B9286793D600655B31 /* Project object */;
			proxyType = 1;
			remoteGlobalIDString = A57185C0286793D600655B31;
			remoteInfo = GameNet;
		};
/* End PBXContainerItemProxy section */

/* Begin PBXFileReference section */
		A51AA6A52899543F0081AE4B /* GameNetApp+RepositoryInjection.swift */ = {isa = PBXFileReference; lastKnownFileType = sourcecode.swift; path = "GameNetApp+RepositoryInjection.swift"; sourceTree = "<group>"; };
		A51AA6A7289954EA0081AE4B /* GameNetApp+DataSourceInjection.swift */ = {isa = PBXFileReference; lastKnownFileType = sourcecode.swift; path = "GameNetApp+DataSourceInjection.swift"; sourceTree = "<group>"; };
		A51AA6AA289955140081AE4B /* LoginDataSource.swift */ = {isa = PBXFileReference; lastKnownFileType = sourcecode.swift; path = LoginDataSource.swift; sourceTree = "<group>"; };
		A51AA6AD289955540081AE4B /* Login.swift */ = {isa = PBXFileReference; lastKnownFileType = sourcecode.swift; path = Login.swift; sourceTree = "<group>"; };
		A524F51C28B4FB5F00A91627 /* PlatformDataSourceTest.swift */ = {isa = PBXFileReference; lastKnownFileType = sourcecode.swift; path = PlatformDataSourceTest.swift; sourceTree = "<group>"; };
		A524F51F28B4FC0700A91627 /* PlatformDataSource.swift */ = {isa = PBXFileReference; lastKnownFileType = sourcecode.swift; path = PlatformDataSource.swift; sourceTree = "<group>"; };
		A524F52128B4FC1100A91627 /* MockPlatformDataSource.swift */ = {isa = PBXFileReference; lastKnownFileType = sourcecode.swift; path = MockPlatformDataSource.swift; sourceTree = "<group>"; };
		A524F52428B5064C00A91627 /* PlatformRepositoryTests.swift */ = {isa = PBXFileReference; lastKnownFileType = sourcecode.swift; path = PlatformRepositoryTests.swift; sourceTree = "<group>"; };
		A524F52728B506E800A91627 /* PlatformRepository.swift */ = {isa = PBXFileReference; lastKnownFileType = sourcecode.swift; path = PlatformRepository.swift; sourceTree = "<group>"; };
		A524F52928B506F300A91627 /* MockPlatformRepository.swift */ = {isa = PBXFileReference; lastKnownFileType = sourcecode.swift; path = MockPlatformRepository.swift; sourceTree = "<group>"; };
		A524F52C28B50BD300A91627 /* PlatformsViewModelTests.swift */ = {isa = PBXFileReference; lastKnownFileType = sourcecode.swift; path = PlatformsViewModelTests.swift; sourceTree = "<group>"; };
		A524F52F28B50D3C00A91627 /* PlatformResponseMock.swift */ = {isa = PBXFileReference; lastKnownFileType = sourcecode.swift; path = PlatformResponseMock.swift; sourceTree = "<group>"; };
		A524F53528B5105000A91627 /* PlatformsState.swift */ = {isa = PBXFileReference; lastKnownFileType = sourcecode.swift; path = PlatformsState.swift; sourceTree = "<group>"; };
		A524F53728B5106B00A91627 /* PlatformsViewModel.swift */ = {isa = PBXFileReference; lastKnownFileType = sourcecode.swift; path = PlatformsViewModel.swift; sourceTree = "<group>"; };
		A524F53928B5484600A91627 /* NavigationViewModifier.swift */ = {isa = PBXFileReference; lastKnownFileType = sourcecode.swift; path = NavigationViewModifier.swift; sourceTree = "<group>"; };
		A53661672899678000D52088 /* MockLoginDataSource.swift */ = {isa = PBXFileReference; lastKnownFileType = sourcecode.swift; path = MockLoginDataSource.swift; sourceTree = "<group>"; };
		A536616F2899828700D52088 /* LoginNetworkTests.swift */ = {isa = PBXFileReference; lastKnownFileType = sourcecode.swift; path = LoginNetworkTests.swift; sourceTree = "<group>"; };
		A53661722899837B00D52088 /* StubRequests.swift */ = {isa = PBXFileReference; lastKnownFileType = sourcecode.swift; path = StubRequests.swift; sourceTree = "<group>"; };
		A5366175289983A600D52088 /* LoginResponseMock.swift */ = {isa = PBXFileReference; lastKnownFileType = sourcecode.swift; path = LoginResponseMock.swift; sourceTree = "<group>"; };
		A536617A289987FB00D52088 /* LoginRepositoryTests.swift */ = {isa = PBXFileReference; lastKnownFileType = sourcecode.swift; path = LoginRepositoryTests.swift; sourceTree = "<group>"; };
		A536617C2899883B00D52088 /* MockLoginRepository.swift */ = {isa = PBXFileReference; lastKnownFileType = sourcecode.swift; path = MockLoginRepository.swift; sourceTree = "<group>"; };
		A53661802899890300D52088 /* LoginViewModelTests.swift */ = {isa = PBXFileReference; lastKnownFileType = sourcecode.swift; path = LoginViewModelTests.swift; sourceTree = "<group>"; };
		A5507EB82901CD260040C801 /* GamesViewModel.swift */ = {isa = PBXFileReference; lastKnownFileType = sourcecode.swift; path = GamesViewModel.swift; sourceTree = "<group>"; };
		A5507EBA2901CD930040C801 /* GamesState.swift */ = {isa = PBXFileReference; lastKnownFileType = sourcecode.swift; path = GamesState.swift; sourceTree = "<group>"; };
		A5507EBD2901CEDA0040C801 /* GameRepository.swift */ = {isa = PBXFileReference; lastKnownFileType = sourcecode.swift; path = GameRepository.swift; sourceTree = "<group>"; };
		A5507EBF2901CF9A0040C801 /* MockGameRepository.swift */ = {isa = PBXFileReference; lastKnownFileType = sourcecode.swift; path = MockGameRepository.swift; sourceTree = "<group>"; };
		A5507EC22901D0950040C801 /* GameDataSource.swift */ = {isa = PBXFileReference; lastKnownFileType = sourcecode.swift; path = GameDataSource.swift; sourceTree = "<group>"; };
		A56A95ED28B3E5E000CAAFFF /* DashboardResponseMock.swift */ = {isa = PBXFileReference; lastKnownFileType = sourcecode.swift; path = DashboardResponseMock.swift; sourceTree = "<group>"; };
		A56A95EF28B3FBD300CAAFFF /* DashboardState.swift */ = {isa = PBXFileReference; lastKnownFileType = sourcecode.swift; path = DashboardState.swift; sourceTree = "<group>"; };
		A56A95F328B3FDAE00CAAFFF /* APIError.swift */ = {isa = PBXFileReference; lastKnownFileType = sourcecode.swift; path = APIError.swift; sourceTree = "<group>"; };
		A56A95F528B4010600CAAFFF /* Date+Extensions.swift */ = {isa = PBXFileReference; lastKnownFileType = sourcecode.swift; path = "Date+Extensions.swift"; sourceTree = "<group>"; };
		A56A95F728B405DB00CAAFFF /* Number+Extensions.swift */ = {isa = PBXFileReference; lastKnownFileType = sourcecode.swift; path = "Number+Extensions.swift"; sourceTree = "<group>"; };
		A56D955B2899576A003C13A3 /* LoginRepository.swift */ = {isa = PBXFileReference; lastKnownFileType = sourcecode.swift; path = LoginRepository.swift; sourceTree = "<group>"; };
		A56D955E289958B2003C13A3 /* RequestError.swift */ = {isa = PBXFileReference; lastKnownFileType = sourcecode.swift; path = RequestError.swift; sourceTree = "<group>"; };
		A56D956628996508003C13A3 /* GameNetTests.xctest */ = {isa = PBXFileReference; explicitFileType = wrapper.cfbundle; includeInIndex = 0; path = GameNetTests.xctest; sourceTree = BUILT_PRODUCTS_DIR; };
		A56D956828996508003C13A3 /* LoginDataSourceTests.swift */ = {isa = PBXFileReference; lastKnownFileType = sourcecode.swift; path = LoginDataSourceTests.swift; sourceTree = "<group>"; };
		A56DB65E28B3B95900614046 /* DashboardViewModel.swift */ = {isa = PBXFileReference; lastKnownFileType = sourcecode.swift; path = DashboardViewModel.swift; sourceTree = "<group>"; };
		A56DB66228B3BAE000614046 /* DashboardDataSourceTests.swift */ = {isa = PBXFileReference; lastKnownFileType = sourcecode.swift; path = DashboardDataSourceTests.swift; sourceTree = "<group>"; };
		A56DB66428B3BB2600614046 /* DashboardDataSource.swift */ = {isa = PBXFileReference; lastKnownFileType = sourcecode.swift; path = DashboardDataSource.swift; sourceTree = "<group>"; };
		A56DB66628B3BD1600614046 /* MockDashboardDataSource.swift */ = {isa = PBXFileReference; lastKnownFileType = sourcecode.swift; path = MockDashboardDataSource.swift; sourceTree = "<group>"; };
		A56DB66928B3C1AC00614046 /* DashboardRepository.swift */ = {isa = PBXFileReference; lastKnownFileType = sourcecode.swift; path = DashboardRepository.swift; sourceTree = "<group>"; };
		A56DB66B28B3C1B700614046 /* MockDashboardRepository.swift */ = {isa = PBXFileReference; lastKnownFileType = sourcecode.swift; path = MockDashboardRepository.swift; sourceTree = "<group>"; };
		A56DB66E28B3C2B700614046 /* DashboardRepositoryTests.swift */ = {isa = PBXFileReference; lastKnownFileType = sourcecode.swift; path = DashboardRepositoryTests.swift; sourceTree = "<group>"; };
		A56DB67128B3C37200614046 /* DashboardViewModelTests.swift */ = {isa = PBXFileReference; lastKnownFileType = sourcecode.swift; path = DashboardViewModelTests.swift; sourceTree = "<group>"; };
		A57185C1286793D600655B31 /* GameNet.app */ = {isa = PBXFileReference; explicitFileType = wrapper.application; includeInIndex = 0; path = GameNet.app; sourceTree = BUILT_PRODUCTS_DIR; };
		A57185C4286793D600655B31 /* GameNetApp.swift */ = {isa = PBXFileReference; lastKnownFileType = sourcecode.swift; path = GameNetApp.swift; sourceTree = "<group>"; };
		A57185C6286793D600655B31 /* LoginView.swift */ = {isa = PBXFileReference; lastKnownFileType = sourcecode.swift; path = LoginView.swift; sourceTree = "<group>"; };
		A57185C8286793D700655B31 /* Assets.xcassets */ = {isa = PBXFileReference; lastKnownFileType = folder.assetcatalog; path = Assets.xcassets; sourceTree = "<group>"; };
		A57185CB286793D700655B31 /* Preview Assets.xcassets */ = {isa = PBXFileReference; lastKnownFileType = folder.assetcatalog; path = "Preview Assets.xcassets"; sourceTree = "<group>"; };
		A57185D42867953F00655B31 /* Color.swift */ = {isa = PBXFileReference; lastKnownFileType = sourcecode.swift; path = Color.swift; sourceTree = "<group>"; };
		A57185D82867984400655B31 /* MainButtonStyle.swift */ = {isa = PBXFileReference; lastKnownFileType = sourcecode.swift; path = MainButtonStyle.swift; sourceTree = "<group>"; };
		A59DB73128B114EE009B7641 /* Font.swift */ = {isa = PBXFileReference; lastKnownFileType = sourcecode.swift; path = Font.swift; sourceTree = "<group>"; };
		A59E763428B6ABD4003CBA3E /* EditPlatformViewModelTests.swift */ = {isa = PBXFileReference; lastKnownFileType = sourcecode.swift; path = EditPlatformViewModelTests.swift; sourceTree = "<group>"; };
		A59E763628B6AC65003CBA3E /* EditPlatformViewModel.swift */ = {isa = PBXFileReference; lastKnownFileType = sourcecode.swift; path = EditPlatformViewModel.swift; sourceTree = "<group>"; };
		A59E763828B6AD46003CBA3E /* PlatformRouter.swift */ = {isa = PBXFileReference; lastKnownFileType = sourcecode.swift; path = PlatformRouter.swift; sourceTree = "<group>"; };
		A59E763A28B6AE1F003CBA3E /* EditPlatformView.swift */ = {isa = PBXFileReference; lastKnownFileType = sourcecode.swift; path = EditPlatformView.swift; sourceTree = "<group>"; };
		A59E763C28B6B331003CBA3E /* EditPlatformState.swift */ = {isa = PBXFileReference; lastKnownFileType = sourcecode.swift; path = EditPlatformState.swift; sourceTree = "<group>"; };
		A5B5D3D1289AE2C4004096F4 /* DashboardView.swift */ = {isa = PBXFileReference; lastKnownFileType = sourcecode.swift; path = DashboardView.swift; sourceTree = "<group>"; };
		A5B5D3D3289AE2D5004096F4 /* GamesView.swift */ = {isa = PBXFileReference; lastKnownFileType = sourcecode.swift; path = GamesView.swift; sourceTree = "<group>"; };
		A5B5D3D5289AE2DD004096F4 /* PlatformsView.swift */ = {isa = PBXFileReference; lastKnownFileType = sourcecode.swift; path = PlatformsView.swift; sourceTree = "<group>"; };
		A5B5D3D7289AE2E5004096F4 /* ListsView.swift */ = {isa = PBXFileReference; lastKnownFileType = sourcecode.swift; path = ListsView.swift; sourceTree = "<group>"; };
		A5B5D3DB289B0933004096F4 /* View+Extensions.swift */ = {isa = PBXFileReference; lastKnownFileType = sourcecode.swift; path = "View+Extensions.swift"; sourceTree = "<group>"; };
		A5D2C23C2896B676007C28AC /* Config.xcconfig */ = {isa = PBXFileReference; lastKnownFileType = text.xcconfig; path = Config.xcconfig; sourceTree = "<group>"; };
		A5D2C23D2896B823007C28AC /* Info.plist */ = {isa = PBXFileReference; lastKnownFileType = text.plist; path = Info.plist; sourceTree = "<group>"; };
		A5DCFD4E28E62835003C280C /* EditPlatformResponseMock.swift */ = {isa = PBXFileReference; lastKnownFileType = sourcecode.swift; path = EditPlatformResponseMock.swift; sourceTree = "<group>"; };
		A5E489F428958EE80037023C /* LoginState.swift */ = {isa = PBXFileReference; lastKnownFileType = sourcecode.swift; path = LoginState.swift; sourceTree = "<group>"; };
		A5E489F628958F0A0037023C /* LoginRouter.swift */ = {isa = PBXFileReference; lastKnownFileType = sourcecode.swift; path = LoginRouter.swift; sourceTree = "<group>"; };
		A5E489F828958F4F0037023C /* LoginViewModel.swift */ = {isa = PBXFileReference; lastKnownFileType = sourcecode.swift; path = LoginViewModel.swift; sourceTree = "<group>"; };
		A5E489FD289590120037023C /* HomeView.swift */ = {isa = PBXFileReference; lastKnownFileType = sourcecode.swift; path = HomeView.swift; sourceTree = "<group>"; };
		A5E489FF2895901C0037023C /* HomeViewModel.swift */ = {isa = PBXFileReference; lastKnownFileType = sourcecode.swift; path = HomeViewModel.swift; sourceTree = "<group>"; };
/* End PBXFileReference section */

/* Begin PBXFrameworksBuildPhase section */
		A56D956328996508003C13A3 /* Frameworks */ = {
			isa = PBXFrameworksBuildPhase;
			buildActionMask = 2147483647;
			files = (
			);
			runOnlyForDeploymentPostprocessing = 0;
		};
		A57185BE286793D600655B31 /* Frameworks */ = {
			isa = PBXFrameworksBuildPhase;
			buildActionMask = 2147483647;
			files = (
				A5E48A1A2895B2450037023C /* GameNet.Network in Frameworks */,
				A536616D2899820700D52088 /* OHHTTPStubsSwift in Frameworks */,
				A536616B2899820700D52088 /* OHHTTPStubs in Frameworks */,
				A51AA6A42899539A0081AE4B /* Factory in Frameworks */,
			);
			runOnlyForDeploymentPostprocessing = 0;
		};
/* End PBXFrameworksBuildPhase section */

/* Begin PBXGroup section */
		A51AA6A9289955030081AE4B /* DataSources */ = {
			isa = PBXGroup;
			children = (
				A53661662899677700D52088 /* Login */,
				A56DB66028B3BAB200614046 /* Dashboard */,
				A524F51E28B4FBF500A91627 /* Platform */,
				A5507EC12901D0860040C801 /* Game */,
			);
			path = DataSources;
			sourceTree = "<group>";
		};
		A51AA6AC289955490081AE4B /* Login */ = {
			isa = PBXGroup;
			children = (
				A51AA6AD289955540081AE4B /* Login.swift */,
			);
			path = Login;
			sourceTree = "<group>";
		};
		A524F51B28B4FB4800A91627 /* Platform */ = {
			isa = PBXGroup;
			children = (
				A524F51C28B4FB5F00A91627 /* PlatformDataSourceTest.swift */,
			);
			path = Platform;
			sourceTree = "<group>";
		};
		A524F51E28B4FBF500A91627 /* Platform */ = {
			isa = PBXGroup;
			children = (
				A524F51F28B4FC0700A91627 /* PlatformDataSource.swift */,
				A524F52128B4FC1100A91627 /* MockPlatformDataSource.swift */,
			);
			path = Platform;
			sourceTree = "<group>";
		};
		A524F52328B5062F00A91627 /* Platform */ = {
			isa = PBXGroup;
			children = (
				A524F52428B5064C00A91627 /* PlatformRepositoryTests.swift */,
			);
			path = Platform;
			sourceTree = "<group>";
		};
		A524F52628B506DA00A91627 /* Platform */ = {
			isa = PBXGroup;
			children = (
				A524F52728B506E800A91627 /* PlatformRepository.swift */,
				A524F52928B506F300A91627 /* MockPlatformRepository.swift */,
			);
			path = Platform;
			sourceTree = "<group>";
		};
		A524F52B28B50BC100A91627 /* Platform */ = {
			isa = PBXGroup;
			children = (
				A524F52C28B50BD300A91627 /* PlatformsViewModelTests.swift */,
				A59E763428B6ABD4003CBA3E /* EditPlatformViewModelTests.swift */,
			);
			path = Platform;
			sourceTree = "<group>";
		};
		A524F52E28B50D2D00A91627 /* Platform */ = {
			isa = PBXGroup;
			children = (
				A524F52F28B50D3C00A91627 /* PlatformResponseMock.swift */,
				A5DCFD4E28E62835003C280C /* EditPlatformResponseMock.swift */,
			);
			path = Platform;
			sourceTree = "<group>";
		};
		A524F53128B50FED00A91627 /* Router */ = {
			isa = PBXGroup;
			children = (
				A59E763828B6AD46003CBA3E /* PlatformRouter.swift */,
			);
			path = Router;
			sourceTree = "<group>";
		};
		A524F53228B5101A00A91627 /* Model */ = {
			isa = PBXGroup;
			children = (
				A524F53528B5105000A91627 /* PlatformsState.swift */,
				A59E763C28B6B331003CBA3E /* EditPlatformState.swift */,
			);
			path = Model;
			sourceTree = "<group>";
		};
		A524F53328B5101E00A91627 /* ViewModel */ = {
			isa = PBXGroup;
			children = (
				A524F53728B5106B00A91627 /* PlatformsViewModel.swift */,
				A59E763628B6AC65003CBA3E /* EditPlatformViewModel.swift */,
			);
			path = ViewModel;
			sourceTree = "<group>";
		};
		A524F53428B5102500A91627 /* View */ = {
			isa = PBXGroup;
			children = (
				A5B5D3D5289AE2DD004096F4 /* PlatformsView.swift */,
				A59E763A28B6AE1F003CBA3E /* EditPlatformView.swift */,
			);
			path = View;
			sourceTree = "<group>";
		};
		A53661662899677700D52088 /* Login */ = {
			isa = PBXGroup;
			children = (
				A51AA6AA289955140081AE4B /* LoginDataSource.swift */,
				A53661672899678000D52088 /* MockLoginDataSource.swift */,
			);
			path = Login;
			sourceTree = "<group>";
		};
		A536616E2899822900D52088 /* Login */ = {
			isa = PBXGroup;
			children = (
				A536616F2899828700D52088 /* LoginNetworkTests.swift */,
			);
			path = Login;
			sourceTree = "<group>";
		};
		A53661712899836C00D52088 /* Stubs */ = {
			isa = PBXGroup;
			children = (
				A53661722899837B00D52088 /* StubRequests.swift */,
			);
			path = Stubs;
			sourceTree = "<group>";
		};
		A53661742899839100D52088 /* Mocks */ = {
			isa = PBXGroup;
			children = (
				A5366179289987EE00D52088 /* Login */,
				A56A95EC28B3E5D100CAAFFF /* Dashboard */,
				A524F52E28B50D2D00A91627 /* Platform */,
			);
			path = Mocks;
			sourceTree = "<group>";
		};
		A5366177289987E500D52088 /* Login */ = {
			isa = PBXGroup;
			children = (
				A536617A289987FB00D52088 /* LoginRepositoryTests.swift */,
			);
			path = Login;
			sourceTree = "<group>";
		};
		A5366178289987E900D52088 /* Login */ = {
			isa = PBXGroup;
			children = (
				A56D956828996508003C13A3 /* LoginDataSourceTests.swift */,
			);
			path = Login;
			sourceTree = "<group>";
		};
		A5366179289987EE00D52088 /* Login */ = {
			isa = PBXGroup;
			children = (
				A5366175289983A600D52088 /* LoginResponseMock.swift */,
			);
			path = Login;
			sourceTree = "<group>";
		};
		A536617E289988EE00D52088 /* ViewModel */ = {
			isa = PBXGroup;
			children = (
				A536617F289988F700D52088 /* Login */,
				A56DB67028B3C36700614046 /* Dashboard */,
				A524F52B28B50BC100A91627 /* Platform */,
			);
			path = ViewModel;
			sourceTree = "<group>";
		};
		A536617F289988F700D52088 /* Login */ = {
			isa = PBXGroup;
			children = (
				A53661802899890300D52088 /* LoginViewModelTests.swift */,
			);
			path = Login;
			sourceTree = "<group>";
		};
		A5507EB42901CCAE0040C801 /* View */ = {
			isa = PBXGroup;
			children = (
				A5B5D3D3289AE2D5004096F4 /* GamesView.swift */,
			);
			path = View;
			sourceTree = "<group>";
		};
		A5507EB52901CCB50040C801 /* ViewModel */ = {
			isa = PBXGroup;
			children = (
				A5507EB82901CD260040C801 /* GamesViewModel.swift */,
			);
			path = ViewModel;
			sourceTree = "<group>";
		};
		A5507EB62901CCC70040C801 /* Model */ = {
			isa = PBXGroup;
			children = (
				A5507EBA2901CD930040C801 /* GamesState.swift */,
			);
			path = Model;
			sourceTree = "<group>";
		};
		A5507EB72901CCCB0040C801 /* Router */ = {
			isa = PBXGroup;
			children = (
			);
			path = Router;
			sourceTree = "<group>";
		};
		A5507EBC2901CDE10040C801 /* Game */ = {
			isa = PBXGroup;
			children = (
				A5507EBD2901CEDA0040C801 /* GameRepository.swift */,
				A5507EBF2901CF9A0040C801 /* MockGameRepository.swift */,
			);
			path = Game;
			sourceTree = "<group>";
		};
		A5507EC12901D0860040C801 /* Game */ = {
			isa = PBXGroup;
			children = (
				A5507EC22901D0950040C801 /* GameDataSource.swift */,
			);
			path = Game;
			sourceTree = "<group>";
		};
		A56A95EC28B3E5D100CAAFFF /* Dashboard */ = {
			isa = PBXGroup;
			children = (
				A56A95ED28B3E5E000CAAFFF /* DashboardResponseMock.swift */,
			);
			path = Dashboard;
			sourceTree = "<group>";
		};
		A56A95F128B3FDA100CAAFFF /* Shared */ = {
			isa = PBXGroup;
			children = (
				A56A95F228B3FDA700CAAFFF /* Errors */,
			);
			path = Shared;
			sourceTree = "<group>";
		};
		A56A95F228B3FDA700CAAFFF /* Errors */ = {
			isa = PBXGroup;
			children = (
				A56A95F328B3FDAE00CAAFFF /* APIError.swift */,
			);
			path = Errors;
			sourceTree = "<group>";
		};
		A56D955A28995760003C13A3 /* Login */ = {
			isa = PBXGroup;
			children = (
				A56D955B2899576A003C13A3 /* LoginRepository.swift */,
				A536617C2899883B00D52088 /* MockLoginRepository.swift */,
			);
			path = Login;
			sourceTree = "<group>";
		};
		A56D955D289958A9003C13A3 /* Entities */ = {
			isa = PBXGroup;
			children = (
				A56D955E289958B2003C13A3 /* RequestError.swift */,
			);
			path = Entities;
			sourceTree = "<group>";
		};
		A56D956728996508003C13A3 /* GameNetTests */ = {
			isa = PBXGroup;
			children = (
				A53661712899836C00D52088 /* Stubs */,
				A53661742899839100D52088 /* Mocks */,
				A56D9570289965D4003C13A3 /* Network */,
				A56D956F28996531003C13A3 /* DataSources */,
				A56D9571289965D9003C13A3 /* Repositories */,
				A536617E289988EE00D52088 /* ViewModel */,
			);
			path = GameNetTests;
			sourceTree = "<group>";
		};
		A56D956F28996531003C13A3 /* DataSources */ = {
			isa = PBXGroup;
			children = (
				A5366178289987E900D52088 /* Login */,
				A56DB66128B3BACC00614046 /* Dashboard */,
				A524F51B28B4FB4800A91627 /* Platform */,
			);
			path = DataSources;
			sourceTree = "<group>";
		};
		A56D9570289965D4003C13A3 /* Network */ = {
			isa = PBXGroup;
			children = (
				A536616E2899822900D52088 /* Login */,
			);
			path = Network;
			sourceTree = "<group>";
		};
		A56D9571289965D9003C13A3 /* Repositories */ = {
			isa = PBXGroup;
			children = (
				A5366177289987E500D52088 /* Login */,
				A56DB66D28B3C2A100614046 /* Dashboard */,
				A524F52328B5062F00A91627 /* Platform */,
			);
			path = Repositories;
			sourceTree = "<group>";
		};
		A56DB65A28B3B93600614046 /* Router */ = {
			isa = PBXGroup;
			children = (
			);
			path = Router;
			sourceTree = "<group>";
		};
		A56DB65B28B3B93D00614046 /* Model */ = {
			isa = PBXGroup;
			children = (
				A56A95EF28B3FBD300CAAFFF /* DashboardState.swift */,
			);
			path = Model;
			sourceTree = "<group>";
		};
		A56DB65C28B3B94000614046 /* ViewModel */ = {
			isa = PBXGroup;
			children = (
				A56DB65E28B3B95900614046 /* DashboardViewModel.swift */,
			);
			path = ViewModel;
			sourceTree = "<group>";
		};
		A56DB65D28B3B94B00614046 /* View */ = {
			isa = PBXGroup;
			children = (
				A5B5D3D1289AE2C4004096F4 /* DashboardView.swift */,
			);
			path = View;
			sourceTree = "<group>";
		};
		A56DB66028B3BAB200614046 /* Dashboard */ = {
			isa = PBXGroup;
			children = (
				A56DB66428B3BB2600614046 /* DashboardDataSource.swift */,
				A56DB66628B3BD1600614046 /* MockDashboardDataSource.swift */,
			);
			path = Dashboard;
			sourceTree = "<group>";
		};
		A56DB66128B3BACC00614046 /* Dashboard */ = {
			isa = PBXGroup;
			children = (
				A56DB66228B3BAE000614046 /* DashboardDataSourceTests.swift */,
			);
			path = Dashboard;
			sourceTree = "<group>";
		};
		A56DB66828B3C18C00614046 /* Dashboard */ = {
			isa = PBXGroup;
			children = (
				A56DB66928B3C1AC00614046 /* DashboardRepository.swift */,
				A56DB66B28B3C1B700614046 /* MockDashboardRepository.swift */,
			);
			path = Dashboard;
			sourceTree = "<group>";
		};
		A56DB66D28B3C2A100614046 /* Dashboard */ = {
			isa = PBXGroup;
			children = (
				A56DB66E28B3C2B700614046 /* DashboardRepositoryTests.swift */,
			);
			path = Dashboard;
			sourceTree = "<group>";
		};
		A56DB67028B3C36700614046 /* Dashboard */ = {
			isa = PBXGroup;
			children = (
				A56DB67128B3C37200614046 /* DashboardViewModelTests.swift */,
			);
			path = Dashboard;
			sourceTree = "<group>";
		};
		A57185B8286793D600655B31 = {
			isa = PBXGroup;
			children = (
				A57185C3286793D600655B31 /* GameNet */,
				A56D956728996508003C13A3 /* GameNetTests */,
				A57185C2286793D600655B31 /* Products */,
			);
			sourceTree = "<group>";
		};
		A57185C2286793D600655B31 /* Products */ = {
			isa = PBXGroup;
			children = (
				A57185C1286793D600655B31 /* GameNet.app */,
				A56D956628996508003C13A3 /* GameNetTests.xctest */,
			);
			name = Products;
			sourceTree = "<group>";
		};
		A57185C3286793D600655B31 /* GameNet */ = {
			isa = PBXGroup;
			children = (
				A5D2C23D2896B823007C28AC /* Info.plist */,
				A5E48A022895ABC60037023C /* DataProviders */,
				A5E48A0F2895ACD80037023C /* DI */,
				A5E48A0D2895ACC70037023C /* Domain */,
				A5E48A052895ABE90037023C /* Presentation */,
				A5E48A042895ABE20037023C /* Config */,
				A5E48A032895ABD70037023C /* Resources */,
				A57185C4286793D600655B31 /* GameNetApp.swift */,
				A57185CA286793D700655B31 /* Preview Content */,
			);
			path = GameNet;
			sourceTree = "<group>";
		};
		A57185CA286793D700655B31 /* Preview Content */ = {
			isa = PBXGroup;
			children = (
				A57185CB286793D700655B31 /* Preview Assets.xcassets */,
			);
			path = "Preview Content";
			sourceTree = "<group>";
		};
		A57185D32867952D00655B31 /* Extensions */ = {
			isa = PBXGroup;
			children = (
				A5B5D3DD289B0ACF004096F4 /* Modifiers */,
				A57185D42867953F00655B31 /* Color.swift */,
				A59DB73128B114EE009B7641 /* Font.swift */,
				A5B5D3DB289B0933004096F4 /* View+Extensions.swift */,
				A56A95F528B4010600CAAFFF /* Date+Extensions.swift */,
				A56A95F728B405DB00CAAFFF /* Number+Extensions.swift */,
			);
			path = Extensions;
			sourceTree = "<group>";
		};
		A57185D72867983B00655B31 /* Button */ = {
			isa = PBXGroup;
			children = (
				A57185D82867984400655B31 /* MainButtonStyle.swift */,
			);
			path = Button;
			sourceTree = "<group>";
		};
		A5B5D3CD289AE1FD004096F4 /* Dashboard */ = {
			isa = PBXGroup;
			children = (
				A56DB65D28B3B94B00614046 /* View */,
				A56DB65C28B3B94000614046 /* ViewModel */,
				A56DB65B28B3B93D00614046 /* Model */,
				A56DB65A28B3B93600614046 /* Router */,
			);
			path = Dashboard;
			sourceTree = "<group>";
		};
		A5B5D3CE289AE270004096F4 /* Games */ = {
			isa = PBXGroup;
			children = (
				A5507EB42901CCAE0040C801 /* View */,
				A5507EB52901CCB50040C801 /* ViewModel */,
				A5507EB62901CCC70040C801 /* Model */,
				A5507EB72901CCCB0040C801 /* Router */,
			);
			path = Games;
			sourceTree = "<group>";
		};
		A5B5D3CF289AE27F004096F4 /* Platforms */ = {
			isa = PBXGroup;
			children = (
				A524F53428B5102500A91627 /* View */,
				A524F53328B5101E00A91627 /* ViewModel */,
				A524F53228B5101A00A91627 /* Model */,
				A524F53128B50FED00A91627 /* Router */,
			);
			path = Platforms;
			sourceTree = "<group>";
		};
		A5B5D3D0289AE287004096F4 /* Lists */ = {
			isa = PBXGroup;
			children = (
				A5B5D3D7289AE2E5004096F4 /* ListsView.swift */,
			);
			path = Lists;
			sourceTree = "<group>";
		};
		A5B5D3DD289B0ACF004096F4 /* Modifiers */ = {
			isa = PBXGroup;
			children = (
				A524F53928B5484600A91627 /* NavigationViewModifier.swift */,
			);
			path = Modifiers;
			sourceTree = "<group>";
		};
		A5E48A022895ABC60037023C /* DataProviders */ = {
			isa = PBXGroup;
			children = (
				A56D955D289958A9003C13A3 /* Entities */,
				A51AA6A9289955030081AE4B /* DataSources */,
				A5E48A102895ACEC0037023C /* Repositories */,
			);
			path = DataProviders;
			sourceTree = "<group>";
		};
		A5E48A032895ABD70037023C /* Resources */ = {
			isa = PBXGroup;
			children = (
				A57185C8286793D700655B31 /* Assets.xcassets */,
				A5D2C23C2896B676007C28AC /* Config.xcconfig */,
			);
			path = Resources;
			sourceTree = "<group>";
		};
		A5E48A042895ABE20037023C /* Config */ = {
			isa = PBXGroup;
			children = (
			);
			path = Config;
			sourceTree = "<group>";
		};
		A5E48A052895ABE90037023C /* Presentation */ = {
			isa = PBXGroup;
			children = (
				A5E48A062895ABF40037023C /* Features */,
				A5E48A142895AD660037023C /* Styles */,
				A57185D32867952D00655B31 /* Extensions */,
			);
			path = Presentation;
			sourceTree = "<group>";
		};
		A5E48A062895ABF40037023C /* Features */ = {
			isa = PBXGroup;
			children = (
				A5E48A112895AD4C0037023C /* Home */,
				A5E48A072895ABFD0037023C /* Login */,
				A5B5D3CD289AE1FD004096F4 /* Dashboard */,
				A5B5D3CE289AE270004096F4 /* Games */,
				A5B5D3CF289AE27F004096F4 /* Platforms */,
				A5B5D3D0289AE287004096F4 /* Lists */,
			);
			path = Features;
			sourceTree = "<group>";
		};
		A5E48A072895ABFD0037023C /* Login */ = {
			isa = PBXGroup;
			children = (
				A5E48A0A2895AC0F0037023C /* View */,
				A5E48A092895AC0B0037023C /* ViewModel */,
				A5E48A082895AC060037023C /* Model */,
				A5E48A0C2895AC170037023C /* Router */,
			);
			path = Login;
			sourceTree = "<group>";
		};
		A5E48A082895AC060037023C /* Model */ = {
			isa = PBXGroup;
			children = (
				A5E489F428958EE80037023C /* LoginState.swift */,
			);
			path = Model;
			sourceTree = "<group>";
		};
		A5E48A092895AC0B0037023C /* ViewModel */ = {
			isa = PBXGroup;
			children = (
				A5E489F828958F4F0037023C /* LoginViewModel.swift */,
			);
			path = ViewModel;
			sourceTree = "<group>";
		};
		A5E48A0A2895AC0F0037023C /* View */ = {
			isa = PBXGroup;
			children = (
				A57185C6286793D600655B31 /* LoginView.swift */,
			);
			path = View;
			sourceTree = "<group>";
		};
		A5E48A0C2895AC170037023C /* Router */ = {
			isa = PBXGroup;
			children = (
				A5E489F628958F0A0037023C /* LoginRouter.swift */,
			);
			path = Router;
			sourceTree = "<group>";
		};
		A5E48A0D2895ACC70037023C /* Domain */ = {
			isa = PBXGroup;
			children = (
				A5E48A0E2895ACCE0037023C /* Entities */,
				A56A95F128B3FDA100CAAFFF /* Shared */,
			);
			path = Domain;
			sourceTree = "<group>";
		};
		A5E48A0E2895ACCE0037023C /* Entities */ = {
			isa = PBXGroup;
			children = (
				A51AA6AC289955490081AE4B /* Login */,
			);
			path = Entities;
			sourceTree = "<group>";
		};
		A5E48A0F2895ACD80037023C /* DI */ = {
			isa = PBXGroup;
			children = (
				A51AA6A52899543F0081AE4B /* GameNetApp+RepositoryInjection.swift */,
				A51AA6A7289954EA0081AE4B /* GameNetApp+DataSourceInjection.swift */,
			);
			path = DI;
			sourceTree = "<group>";
		};
		A5E48A102895ACEC0037023C /* Repositories */ = {
			isa = PBXGroup;
			children = (
				A56D955A28995760003C13A3 /* Login */,
				A56DB66828B3C18C00614046 /* Dashboard */,
				A524F52628B506DA00A91627 /* Platform */,
				A5507EBC2901CDE10040C801 /* Game */,
			);
			path = Repositories;
			sourceTree = "<group>";
		};
		A5E48A112895AD4C0037023C /* Home */ = {
			isa = PBXGroup;
			children = (
				A5E48A122895AD520037023C /* View */,
				A5E48A132895AD580037023C /* ViewModel */,
			);
			path = Home;
			sourceTree = "<group>";
		};
		A5E48A122895AD520037023C /* View */ = {
			isa = PBXGroup;
			children = (
				A5E489FD289590120037023C /* HomeView.swift */,
			);
			path = View;
			sourceTree = "<group>";
		};
		A5E48A132895AD580037023C /* ViewModel */ = {
			isa = PBXGroup;
			children = (
				A5E489FF2895901C0037023C /* HomeViewModel.swift */,
			);
			path = ViewModel;
			sourceTree = "<group>";
		};
		A5E48A142895AD660037023C /* Styles */ = {
			isa = PBXGroup;
			children = (
				A57185D72867983B00655B31 /* Button */,
			);
			path = Styles;
			sourceTree = "<group>";
		};
/* End PBXGroup section */

/* Begin PBXNativeTarget section */
		A56D956528996508003C13A3 /* GameNetTests */ = {
			isa = PBXNativeTarget;
			buildConfigurationList = A56D956E28996508003C13A3 /* Build configuration list for PBXNativeTarget "GameNetTests" */;
			buildPhases = (
				A56D956228996508003C13A3 /* Sources */,
				A56D956328996508003C13A3 /* Frameworks */,
				A56D956428996508003C13A3 /* Resources */,
			);
			buildRules = (
			);
			dependencies = (
				A56D956B28996508003C13A3 /* PBXTargetDependency */,
			);
			name = GameNetTests;
			productName = GameNetTests;
			productReference = A56D956628996508003C13A3 /* GameNetTests.xctest */;
			productType = "com.apple.product-type.bundle.unit-test";
		};
		A57185C0286793D600655B31 /* GameNet */ = {
			isa = PBXNativeTarget;
			buildConfigurationList = A57185CF286793D700655B31 /* Build configuration list for PBXNativeTarget "GameNet" */;
			buildPhases = (
				A57185BD286793D600655B31 /* Sources */,
				A57185BE286793D600655B31 /* Frameworks */,
				A57185BF286793D600655B31 /* Resources */,
			);
			buildRules = (
			);
			dependencies = (
			);
			name = GameNet;
			packageProductDependencies = (
				A5E48A192895B2450037023C /* GameNet.Network */,
				A51AA6A32899539A0081AE4B /* Factory */,
				A536616A2899820700D52088 /* OHHTTPStubs */,
				A536616C2899820700D52088 /* OHHTTPStubsSwift */,
			);
			productName = GameNet;
			productReference = A57185C1286793D600655B31 /* GameNet.app */;
			productType = "com.apple.product-type.application";
		};
/* End PBXNativeTarget section */

/* Begin PBXProject section */
		A57185B9286793D600655B31 /* Project object */ = {
			isa = PBXProject;
			attributes = {
				BuildIndependentTargetsInParallel = 1;
				LastSwiftUpdateCheck = 1340;
				LastUpgradeCheck = 1340;
				TargetAttributes = {
					A56D956528996508003C13A3 = {
						CreatedOnToolsVersion = 13.4.1;
						TestTargetID = A57185C0286793D600655B31;
					};
					A57185C0286793D600655B31 = {
						CreatedOnToolsVersion = 13.4.1;
					};
				};
			};
			buildConfigurationList = A57185BC286793D600655B31 /* Build configuration list for PBXProject "GameNet" */;
			compatibilityVersion = "Xcode 13.0";
			developmentRegion = en;
			hasScannedForEncodings = 0;
			knownRegions = (
				en,
				Base,
			);
			mainGroup = A57185B8286793D600655B31;
			packageReferences = (
				A5E48A182895B2450037023C /* XCRemoteSwiftPackageReference "GameNet" */,
				A51AA6A22899539A0081AE4B /* XCRemoteSwiftPackageReference "Factory" */,
				A53661692899820700D52088 /* XCRemoteSwiftPackageReference "OHHTTPStubs" */,
			);
			productRefGroup = A57185C2286793D600655B31 /* Products */;
			projectDirPath = "";
			projectRoot = "";
			targets = (
				A57185C0286793D600655B31 /* GameNet */,
				A56D956528996508003C13A3 /* GameNetTests */,
			);
		};
/* End PBXProject section */

/* Begin PBXResourcesBuildPhase section */
		A56D956428996508003C13A3 /* Resources */ = {
			isa = PBXResourcesBuildPhase;
			buildActionMask = 2147483647;
			files = (
			);
			runOnlyForDeploymentPostprocessing = 0;
		};
		A57185BF286793D600655B31 /* Resources */ = {
			isa = PBXResourcesBuildPhase;
			buildActionMask = 2147483647;
			files = (
				A57185CC286793D700655B31 /* Preview Assets.xcassets in Resources */,
				A57185C9286793D700655B31 /* Assets.xcassets in Resources */,
			);
			runOnlyForDeploymentPostprocessing = 0;
		};
/* End PBXResourcesBuildPhase section */

/* Begin PBXSourcesBuildPhase section */
		A56D956228996508003C13A3 /* Sources */ = {
			isa = PBXSourcesBuildPhase;
			buildActionMask = 2147483647;
			files = (
				A53661812899890300D52088 /* LoginViewModelTests.swift in Sources */,
				A5366176289983A600D52088 /* LoginResponseMock.swift in Sources */,
				A524F51D28B4FB5F00A91627 /* PlatformDataSourceTest.swift in Sources */,
				A56DB66328B3BAE000614046 /* DashboardDataSourceTests.swift in Sources */,
				A524F52528B5064C00A91627 /* PlatformRepositoryTests.swift in Sources */,
				A56A95EE28B3E5E000CAAFFF /* DashboardResponseMock.swift in Sources */,
				A56DB67228B3C37200614046 /* DashboardViewModelTests.swift in Sources */,
				A53661732899837B00D52088 /* StubRequests.swift in Sources */,
				A524F52D28B50BD300A91627 /* PlatformsViewModelTests.swift in Sources */,
				A524F53028B50D3C00A91627 /* PlatformResponseMock.swift in Sources */,
				A59E763528B6ABD4003CBA3E /* EditPlatformViewModelTests.swift in Sources */,
				A56DB66F28B3C2B700614046 /* DashboardRepositoryTests.swift in Sources */,
				A53661702899828700D52088 /* LoginNetworkTests.swift in Sources */,
				A5DCFD4F28E62835003C280C /* EditPlatformResponseMock.swift in Sources */,
				A56D956928996508003C13A3 /* LoginDataSourceTests.swift in Sources */,
				A536617B289987FB00D52088 /* LoginRepositoryTests.swift in Sources */,
			);
			runOnlyForDeploymentPostprocessing = 0;
		};
		A57185BD286793D600655B31 /* Sources */ = {
			isa = PBXSourcesBuildPhase;
			buildActionMask = 2147483647;
			files = (
				A57185C7286793D600655B31 /* LoginView.swift in Sources */,
				A56A95F828B405DB00CAAFFF /* Number+Extensions.swift in Sources */,
				A56DB65F28B3B95900614046 /* DashboardViewModel.swift in Sources */,
				A5B5D3D8289AE2E6004096F4 /* ListsView.swift in Sources */,
				A5E48A002895901C0037023C /* HomeViewModel.swift in Sources */,
				A59E763728B6AC65003CBA3E /* EditPlatformViewModel.swift in Sources */,
				A53661682899678000D52088 /* MockLoginDataSource.swift in Sources */,
				A524F53628B5105000A91627 /* PlatformsState.swift in Sources */,
				A524F53828B5106B00A91627 /* PlatformsViewModel.swift in Sources */,
				A5507EC02901CF9A0040C801 /* MockGameRepository.swift in Sources */,
				A51AA6AE289955540081AE4B /* Login.swift in Sources */,
				A524F52228B4FC1100A91627 /* MockPlatformDataSource.swift in Sources */,
				A56D955C2899576A003C13A3 /* LoginRepository.swift in Sources */,
				A56A95F428B3FDAE00CAAFFF /* APIError.swift in Sources */,
				A56A95F628B4010600CAAFFF /* Date+Extensions.swift in Sources */,
				A56A95F028B3FBD300CAAFFF /* DashboardState.swift in Sources */,
				A56DB66A28B3C1AC00614046 /* DashboardRepository.swift in Sources */,
				A5507EB92901CD260040C801 /* GamesViewModel.swift in Sources */,
				A5507EBE2901CEDA0040C801 /* GameRepository.swift in Sources */,
				A524F52028B4FC0700A91627 /* PlatformDataSource.swift in Sources */,
				A5B5D3D6289AE2DD004096F4 /* PlatformsView.swift in Sources */,
				A5B5D3DC289B0933004096F4 /* View+Extensions.swift in Sources */,
				A5E489F528958EE80037023C /* LoginState.swift in Sources */,
				A51AA6A62899543F0081AE4B /* GameNetApp+RepositoryInjection.swift in Sources */,
				A51AA6AB289955140081AE4B /* LoginDataSource.swift in Sources */,
				A524F52828B506E800A91627 /* PlatformRepository.swift in Sources */,
				A59E763D28B6B331003CBA3E /* EditPlatformState.swift in Sources */,
				A5E489F728958F0A0037023C /* LoginRouter.swift in Sources */,
				A536617D2899883B00D52088 /* MockLoginRepository.swift in Sources */,
				A524F53A28B5484600A91627 /* NavigationViewModifier.swift in Sources */,
				A524F52A28B506F300A91627 /* MockPlatformRepository.swift in Sources */,
				A59E763B28B6AE1F003CBA3E /* EditPlatformView.swift in Sources */,
				A56DB66728B3BD1600614046 /* MockDashboardDataSource.swift in Sources */,
				A57185C5286793D600655B31 /* GameNetApp.swift in Sources */,
				A57185D92867984400655B31 /* MainButtonStyle.swift in Sources */,
				A51AA6A8289954EA0081AE4B /* GameNetApp+DataSourceInjection.swift in Sources */,
				A5507EC32901D0950040C801 /* GameDataSource.swift in Sources */,
				A59E763928B6AD46003CBA3E /* PlatformRouter.swift in Sources */,
				A5B5D3D2289AE2C4004096F4 /* DashboardView.swift in Sources */,
				A5B5D3D4289AE2D5004096F4 /* GamesView.swift in Sources */,
				A56D955F289958B2003C13A3 /* RequestError.swift in Sources */,
				A59DB73228B114EE009B7641 /* Font.swift in Sources */,
				A5E489FE289590120037023C /* HomeView.swift in Sources */,
				A5507EBB2901CD930040C801 /* GamesState.swift in Sources */,
				A57185D52867953F00655B31 /* Color.swift in Sources */,
				A5E489F928958F4F0037023C /* LoginViewModel.swift in Sources */,
				A56DB66C28B3C1B700614046 /* MockDashboardRepository.swift in Sources */,
				A56DB66528B3BB2600614046 /* DashboardDataSource.swift in Sources */,
			);
			runOnlyForDeploymentPostprocessing = 0;
		};
/* End PBXSourcesBuildPhase section */

/* Begin PBXTargetDependency section */
		A56D956B28996508003C13A3 /* PBXTargetDependency */ = {
			isa = PBXTargetDependency;
			target = A57185C0286793D600655B31 /* GameNet */;
			targetProxy = A56D956A28996508003C13A3 /* PBXContainerItemProxy */;
		};
/* End PBXTargetDependency section */

/* Begin XCBuildConfiguration section */
		A56D956C28996508003C13A3 /* Debug */ = {
			isa = XCBuildConfiguration;
			buildSettings = {
				BUNDLE_LOADER = "$(TEST_HOST)";
				CODE_SIGN_STYLE = Automatic;
				CURRENT_PROJECT_VERSION = 1;
				DEVELOPMENT_TEAM = KB2R5P3BHU;
				GENERATE_INFOPLIST_FILE = YES;
				IPHONEOS_DEPLOYMENT_TARGET = 16.0;
				MARKETING_VERSION = 1.0;
				PRODUCT_BUNDLE_IDENTIFIER = com.alliston.GameNetTests;
				PRODUCT_NAME = "$(TARGET_NAME)";
				SWIFT_EMIT_LOC_STRINGS = NO;
				SWIFT_VERSION = 5.0;
				TARGETED_DEVICE_FAMILY = "1,2";
				TEST_HOST = "$(BUILT_PRODUCTS_DIR)/GameNet.app/GameNet";
			};
			name = Debug;
		};
		A56D956D28996508003C13A3 /* Release */ = {
			isa = XCBuildConfiguration;
			buildSettings = {
				BUNDLE_LOADER = "$(TEST_HOST)";
				CODE_SIGN_STYLE = Automatic;
				CURRENT_PROJECT_VERSION = 1;
				DEVELOPMENT_TEAM = KB2R5P3BHU;
				GENERATE_INFOPLIST_FILE = YES;
				IPHONEOS_DEPLOYMENT_TARGET = 16.0;
				MARKETING_VERSION = 1.0;
				PRODUCT_BUNDLE_IDENTIFIER = com.alliston.GameNetTests;
				PRODUCT_NAME = "$(TARGET_NAME)";
				SWIFT_EMIT_LOC_STRINGS = NO;
				SWIFT_VERSION = 5.0;
				TARGETED_DEVICE_FAMILY = "1,2";
				TEST_HOST = "$(BUILT_PRODUCTS_DIR)/GameNet.app/GameNet";
			};
			name = Release;
		};
		A57185CD286793D700655B31 /* Debug */ = {
			isa = XCBuildConfiguration;
			baseConfigurationReference = A5D2C23C2896B676007C28AC /* Config.xcconfig */;
			buildSettings = {
				ALWAYS_SEARCH_USER_PATHS = NO;
				CLANG_ANALYZER_NONNULL = YES;
				CLANG_ANALYZER_NUMBER_OBJECT_CONVERSION = YES_AGGRESSIVE;
				CLANG_CXX_LANGUAGE_STANDARD = "gnu++17";
				CLANG_ENABLE_MODULES = YES;
				CLANG_ENABLE_OBJC_ARC = YES;
				CLANG_ENABLE_OBJC_WEAK = YES;
				CLANG_WARN_BLOCK_CAPTURE_AUTORELEASING = YES;
				CLANG_WARN_BOOL_CONVERSION = YES;
				CLANG_WARN_COMMA = YES;
				CLANG_WARN_CONSTANT_CONVERSION = YES;
				CLANG_WARN_DEPRECATED_OBJC_IMPLEMENTATIONS = YES;
				CLANG_WARN_DIRECT_OBJC_ISA_USAGE = YES_ERROR;
				CLANG_WARN_DOCUMENTATION_COMMENTS = YES;
				CLANG_WARN_EMPTY_BODY = YES;
				CLANG_WARN_ENUM_CONVERSION = YES;
				CLANG_WARN_INFINITE_RECURSION = YES;
				CLANG_WARN_INT_CONVERSION = YES;
				CLANG_WARN_NON_LITERAL_NULL_CONVERSION = YES;
				CLANG_WARN_OBJC_IMPLICIT_RETAIN_SELF = YES;
				CLANG_WARN_OBJC_LITERAL_CONVERSION = YES;
				CLANG_WARN_OBJC_ROOT_CLASS = YES_ERROR;
				CLANG_WARN_QUOTED_INCLUDE_IN_FRAMEWORK_HEADER = YES;
				CLANG_WARN_RANGE_LOOP_ANALYSIS = YES;
				CLANG_WARN_STRICT_PROTOTYPES = YES;
				CLANG_WARN_SUSPICIOUS_MOVE = YES;
				CLANG_WARN_UNGUARDED_AVAILABILITY = YES_AGGRESSIVE;
				CLANG_WARN_UNREACHABLE_CODE = YES;
				CLANG_WARN__DUPLICATE_METHOD_MATCH = YES;
				COPY_PHASE_STRIP = NO;
				DEBUG_INFORMATION_FORMAT = dwarf;
				ENABLE_STRICT_OBJC_MSGSEND = YES;
				ENABLE_TESTABILITY = YES;
				GCC_C_LANGUAGE_STANDARD = gnu11;
				GCC_DYNAMIC_NO_PIC = NO;
				GCC_NO_COMMON_BLOCKS = YES;
				GCC_OPTIMIZATION_LEVEL = 0;
				GCC_PREPROCESSOR_DEFINITIONS = (
					"DEBUG=1",
					"$(inherited)",
				);
				GCC_WARN_64_TO_32_BIT_CONVERSION = YES;
				GCC_WARN_ABOUT_RETURN_TYPE = YES_ERROR;
				GCC_WARN_UNDECLARED_SELECTOR = YES;
				GCC_WARN_UNINITIALIZED_AUTOS = YES_AGGRESSIVE;
				GCC_WARN_UNUSED_FUNCTION = YES;
				GCC_WARN_UNUSED_VARIABLE = YES;
				IPHONEOS_DEPLOYMENT_TARGET = 15.5;
				MTL_ENABLE_DEBUG_INFO = INCLUDE_SOURCE;
				MTL_FAST_MATH = YES;
				ONLY_ACTIVE_ARCH = YES;
				SDKROOT = iphoneos;
				SWIFT_ACTIVE_COMPILATION_CONDITIONS = DEBUG;
				SWIFT_OPTIMIZATION_LEVEL = "-Onone";
			};
			name = Debug;
		};
		A57185CE286793D700655B31 /* Release */ = {
			isa = XCBuildConfiguration;
			baseConfigurationReference = A5D2C23C2896B676007C28AC /* Config.xcconfig */;
			buildSettings = {
				ALWAYS_SEARCH_USER_PATHS = NO;
				CLANG_ANALYZER_NONNULL = YES;
				CLANG_ANALYZER_NUMBER_OBJECT_CONVERSION = YES_AGGRESSIVE;
				CLANG_CXX_LANGUAGE_STANDARD = "gnu++17";
				CLANG_ENABLE_MODULES = YES;
				CLANG_ENABLE_OBJC_ARC = YES;
				CLANG_ENABLE_OBJC_WEAK = YES;
				CLANG_WARN_BLOCK_CAPTURE_AUTORELEASING = YES;
				CLANG_WARN_BOOL_CONVERSION = YES;
				CLANG_WARN_COMMA = YES;
				CLANG_WARN_CONSTANT_CONVERSION = YES;
				CLANG_WARN_DEPRECATED_OBJC_IMPLEMENTATIONS = YES;
				CLANG_WARN_DIRECT_OBJC_ISA_USAGE = YES_ERROR;
				CLANG_WARN_DOCUMENTATION_COMMENTS = YES;
				CLANG_WARN_EMPTY_BODY = YES;
				CLANG_WARN_ENUM_CONVERSION = YES;
				CLANG_WARN_INFINITE_RECURSION = YES;
				CLANG_WARN_INT_CONVERSION = YES;
				CLANG_WARN_NON_LITERAL_NULL_CONVERSION = YES;
				CLANG_WARN_OBJC_IMPLICIT_RETAIN_SELF = YES;
				CLANG_WARN_OBJC_LITERAL_CONVERSION = YES;
				CLANG_WARN_OBJC_ROOT_CLASS = YES_ERROR;
				CLANG_WARN_QUOTED_INCLUDE_IN_FRAMEWORK_HEADER = YES;
				CLANG_WARN_RANGE_LOOP_ANALYSIS = YES;
				CLANG_WARN_STRICT_PROTOTYPES = YES;
				CLANG_WARN_SUSPICIOUS_MOVE = YES;
				CLANG_WARN_UNGUARDED_AVAILABILITY = YES_AGGRESSIVE;
				CLANG_WARN_UNREACHABLE_CODE = YES;
				CLANG_WARN__DUPLICATE_METHOD_MATCH = YES;
				COPY_PHASE_STRIP = NO;
				DEBUG_INFORMATION_FORMAT = "dwarf-with-dsym";
				ENABLE_NS_ASSERTIONS = NO;
				ENABLE_STRICT_OBJC_MSGSEND = YES;
				GCC_C_LANGUAGE_STANDARD = gnu11;
				GCC_NO_COMMON_BLOCKS = YES;
				GCC_WARN_64_TO_32_BIT_CONVERSION = YES;
				GCC_WARN_ABOUT_RETURN_TYPE = YES_ERROR;
				GCC_WARN_UNDECLARED_SELECTOR = YES;
				GCC_WARN_UNINITIALIZED_AUTOS = YES_AGGRESSIVE;
				GCC_WARN_UNUSED_FUNCTION = YES;
				GCC_WARN_UNUSED_VARIABLE = YES;
				IPHONEOS_DEPLOYMENT_TARGET = 15.5;
				MTL_ENABLE_DEBUG_INFO = NO;
				MTL_FAST_MATH = YES;
				SDKROOT = iphoneos;
				SWIFT_COMPILATION_MODE = wholemodule;
				SWIFT_OPTIMIZATION_LEVEL = "-O";
				VALIDATE_PRODUCT = YES;
			};
			name = Release;
		};
		A57185D0286793D700655B31 /* Debug */ = {
			isa = XCBuildConfiguration;
			baseConfigurationReference = A5D2C23C2896B676007C28AC /* Config.xcconfig */;
			buildSettings = {
				ASSETCATALOG_COMPILER_APPICON_NAME = AppIcon;
				ASSETCATALOG_COMPILER_GLOBAL_ACCENT_COLOR_NAME = AccentColor;
				CODE_SIGN_STYLE = Automatic;
				CURRENT_PROJECT_VERSION = 1;
				DEVELOPMENT_ASSET_PATHS = "\"GameNet/Preview Content\"";
				DEVELOPMENT_TEAM = KB2R5P3BHU;
				ENABLE_PREVIEWS = YES;
				GENERATE_INFOPLIST_FILE = YES;
				INFOPLIST_FILE = GameNet/Info.plist;
				INFOPLIST_KEY_UIApplicationSceneManifest_Generation = YES;
				INFOPLIST_KEY_UIApplicationSupportsIndirectInputEvents = YES;
				INFOPLIST_KEY_UILaunchScreen_Generation = YES;
				INFOPLIST_KEY_UISupportedInterfaceOrientations_iPad = "UIInterfaceOrientationPortrait UIInterfaceOrientationPortraitUpsideDown UIInterfaceOrientationLandscapeLeft UIInterfaceOrientationLandscapeRight";
				INFOPLIST_KEY_UISupportedInterfaceOrientations_iPhone = "UIInterfaceOrientationPortrait UIInterfaceOrientationLandscapeLeft UIInterfaceOrientationLandscapeRight";
				IPHONEOS_DEPLOYMENT_TARGET = 16.0;
				LD_RUNPATH_SEARCH_PATHS = (
					"$(inherited)",
					"@executable_path/Frameworks",
				);
				MARKETING_VERSION = 1.0;
				PRODUCT_BUNDLE_IDENTIFIER = com.alliston.GameNet;
				PRODUCT_NAME = "$(TARGET_NAME)";
				SWIFT_EMIT_LOC_STRINGS = YES;
				SWIFT_VERSION = 5.0;
				TARGETED_DEVICE_FAMILY = "1,2";
			};
			name = Debug;
		};
		A57185D1286793D700655B31 /* Release */ = {
			isa = XCBuildConfiguration;
			baseConfigurationReference = A5D2C23C2896B676007C28AC /* Config.xcconfig */;
			buildSettings = {
				ASSETCATALOG_COMPILER_APPICON_NAME = AppIcon;
				ASSETCATALOG_COMPILER_GLOBAL_ACCENT_COLOR_NAME = AccentColor;
				CODE_SIGN_STYLE = Automatic;
				CURRENT_PROJECT_VERSION = 1;
				DEVELOPMENT_ASSET_PATHS = "\"GameNet/Preview Content\"";
				DEVELOPMENT_TEAM = KB2R5P3BHU;
				ENABLE_PREVIEWS = YES;
				GENERATE_INFOPLIST_FILE = YES;
				INFOPLIST_FILE = GameNet/Info.plist;
				INFOPLIST_KEY_UIApplicationSceneManifest_Generation = YES;
				INFOPLIST_KEY_UIApplicationSupportsIndirectInputEvents = YES;
				INFOPLIST_KEY_UILaunchScreen_Generation = YES;
				INFOPLIST_KEY_UISupportedInterfaceOrientations_iPad = "UIInterfaceOrientationPortrait UIInterfaceOrientationPortraitUpsideDown UIInterfaceOrientationLandscapeLeft UIInterfaceOrientationLandscapeRight";
				INFOPLIST_KEY_UISupportedInterfaceOrientations_iPhone = "UIInterfaceOrientationPortrait UIInterfaceOrientationLandscapeLeft UIInterfaceOrientationLandscapeRight";
				IPHONEOS_DEPLOYMENT_TARGET = 16.0;
				LD_RUNPATH_SEARCH_PATHS = (
					"$(inherited)",
					"@executable_path/Frameworks",
				);
				MARKETING_VERSION = 1.0;
				PRODUCT_BUNDLE_IDENTIFIER = com.alliston.GameNet;
				PRODUCT_NAME = "$(TARGET_NAME)";
				SWIFT_EMIT_LOC_STRINGS = YES;
				SWIFT_VERSION = 5.0;
				TARGETED_DEVICE_FAMILY = "1,2";
			};
			name = Release;
		};
/* End XCBuildConfiguration section */

/* Begin XCConfigurationList section */
		A56D956E28996508003C13A3 /* Build configuration list for PBXNativeTarget "GameNetTests" */ = {
			isa = XCConfigurationList;
			buildConfigurations = (
				A56D956C28996508003C13A3 /* Debug */,
				A56D956D28996508003C13A3 /* Release */,
			);
			defaultConfigurationIsVisible = 0;
			defaultConfigurationName = Release;
		};
		A57185BC286793D600655B31 /* Build configuration list for PBXProject "GameNet" */ = {
			isa = XCConfigurationList;
			buildConfigurations = (
				A57185CD286793D700655B31 /* Debug */,
				A57185CE286793D700655B31 /* Release */,
			);
			defaultConfigurationIsVisible = 0;
			defaultConfigurationName = Release;
		};
		A57185CF286793D700655B31 /* Build configuration list for PBXNativeTarget "GameNet" */ = {
			isa = XCConfigurationList;
			buildConfigurations = (
				A57185D0286793D700655B31 /* Debug */,
				A57185D1286793D700655B31 /* Release */,
			);
			defaultConfigurationIsVisible = 0;
			defaultConfigurationName = Release;
		};
/* End XCConfigurationList section */

/* Begin XCRemoteSwiftPackageReference section */
		A51AA6A22899539A0081AE4B /* XCRemoteSwiftPackageReference "Factory" */ = {
			isa = XCRemoteSwiftPackageReference;
			repositoryURL = "https://github.com/hmlongco/Factory";
			requirement = {
				kind = upToNextMajorVersion;
				minimumVersion = 1.0.0;
			};
		};
		A53661692899820700D52088 /* XCRemoteSwiftPackageReference "OHHTTPStubs" */ = {
			isa = XCRemoteSwiftPackageReference;
			repositoryURL = "https://github.com/AliSoftware/OHHTTPStubs.git";
			requirement = {
				kind = upToNextMajorVersion;
				minimumVersion = 9.0.0;
			};
		};
		A5E48A182895B2450037023C /* XCRemoteSwiftPackageReference "GameNet" */ = {
			isa = XCRemoteSwiftPackageReference;
			repositoryURL = "https://github.com/allistoncarlos/GameNet.Network";
			requirement = {
				branch = main;
				kind = branch;
			};
		};
/* End XCRemoteSwiftPackageReference section */

/* Begin XCSwiftPackageProductDependency section */
		A51AA6A32899539A0081AE4B /* Factory */ = {
			isa = XCSwiftPackageProductDependency;
			package = A51AA6A22899539A0081AE4B /* XCRemoteSwiftPackageReference "Factory" */;
			productName = Factory;
		};
		A536616A2899820700D52088 /* OHHTTPStubs */ = {
			isa = XCSwiftPackageProductDependency;
			package = A53661692899820700D52088 /* XCRemoteSwiftPackageReference "OHHTTPStubs" */;
			productName = OHHTTPStubs;
		};
		A536616C2899820700D52088 /* OHHTTPStubsSwift */ = {
			isa = XCSwiftPackageProductDependency;
			package = A53661692899820700D52088 /* XCRemoteSwiftPackageReference "OHHTTPStubs" */;
			productName = OHHTTPStubsSwift;
		};
		A5E48A192895B2450037023C /* GameNet.Network */ = {
			isa = XCSwiftPackageProductDependency;
			package = A5E48A182895B2450037023C /* XCRemoteSwiftPackageReference "GameNet" */;
			productName = GameNet.Network;
		};
/* End XCSwiftPackageProductDependency section */
	};
	rootObject = A57185B9286793D600655B31 /* Project object */;
}
