// !$*UTF8*$!
{
	archiveVersion = 1;
	classes = {
	};
	objectVersion = 55;
	objects = {

/* Begin PBXBuildFile section */
		A57185C5286793D600655B31 /* GameNetApp.swift in Sources */ = {isa = PBXBuildFile; fileRef = A57185C4286793D600655B31 /* GameNetApp.swift */; };
		A57185C7286793D600655B31 /* LoginView.swift in Sources */ = {isa = PBXBuildFile; fileRef = A57185C6286793D600655B31 /* LoginView.swift */; };
		A57185C9286793D700655B31 /* Assets.xcassets in Resources */ = {isa = PBXBuildFile; fileRef = A57185C8286793D700655B31 /* Assets.xcassets */; };
		A57185CC286793D700655B31 /* Preview Assets.xcassets in Resources */ = {isa = PBXBuildFile; fileRef = A57185CB286793D700655B31 /* Preview Assets.xcassets */; };
		A57185D52867953F00655B31 /* Color.swift in Sources */ = {isa = PBXBuildFile; fileRef = A57185D42867953F00655B31 /* Color.swift */; };
		A57185D92867984400655B31 /* MainButtonStyle.swift in Sources */ = {isa = PBXBuildFile; fileRef = A57185D82867984400655B31 /* MainButtonStyle.swift */; };
		A5E489F528958EE80037023C /* LoginUIState.swift in Sources */ = {isa = PBXBuildFile; fileRef = A5E489F428958EE80037023C /* LoginUIState.swift */; };
		A5E489F728958F0A0037023C /* LoginRouter.swift in Sources */ = {isa = PBXBuildFile; fileRef = A5E489F628958F0A0037023C /* LoginRouter.swift */; };
		A5E489F928958F4F0037023C /* LoginViewModel.swift in Sources */ = {isa = PBXBuildFile; fileRef = A5E489F828958F4F0037023C /* LoginViewModel.swift */; };
		A5E489FE289590120037023C /* HomeView.swift in Sources */ = {isa = PBXBuildFile; fileRef = A5E489FD289590120037023C /* HomeView.swift */; };
		A5E48A002895901C0037023C /* HomeViewModel.swift in Sources */ = {isa = PBXBuildFile; fileRef = A5E489FF2895901C0037023C /* HomeViewModel.swift */; };
/* End PBXBuildFile section */

/* Begin PBXFileReference section */
		A57185C1286793D600655B31 /* GameNet.app */ = {isa = PBXFileReference; explicitFileType = wrapper.application; includeInIndex = 0; path = GameNet.app; sourceTree = BUILT_PRODUCTS_DIR; };
		A57185C4286793D600655B31 /* GameNetApp.swift */ = {isa = PBXFileReference; lastKnownFileType = sourcecode.swift; path = GameNetApp.swift; sourceTree = "<group>"; };
		A57185C6286793D600655B31 /* LoginView.swift */ = {isa = PBXFileReference; lastKnownFileType = sourcecode.swift; path = LoginView.swift; sourceTree = "<group>"; };
		A57185C8286793D700655B31 /* Assets.xcassets */ = {isa = PBXFileReference; lastKnownFileType = folder.assetcatalog; path = Assets.xcassets; sourceTree = "<group>"; };
		A57185CB286793D700655B31 /* Preview Assets.xcassets */ = {isa = PBXFileReference; lastKnownFileType = folder.assetcatalog; path = "Preview Assets.xcassets"; sourceTree = "<group>"; };
		A57185D42867953F00655B31 /* Color.swift */ = {isa = PBXFileReference; lastKnownFileType = sourcecode.swift; path = Color.swift; sourceTree = "<group>"; };
		A57185D82867984400655B31 /* MainButtonStyle.swift */ = {isa = PBXFileReference; lastKnownFileType = sourcecode.swift; path = MainButtonStyle.swift; sourceTree = "<group>"; };
		A5E489F428958EE80037023C /* LoginUIState.swift */ = {isa = PBXFileReference; lastKnownFileType = sourcecode.swift; path = LoginUIState.swift; sourceTree = "<group>"; };
		A5E489F628958F0A0037023C /* LoginRouter.swift */ = {isa = PBXFileReference; lastKnownFileType = sourcecode.swift; path = LoginRouter.swift; sourceTree = "<group>"; };
		A5E489F828958F4F0037023C /* LoginViewModel.swift */ = {isa = PBXFileReference; lastKnownFileType = sourcecode.swift; path = LoginViewModel.swift; sourceTree = "<group>"; };
		A5E489FD289590120037023C /* HomeView.swift */ = {isa = PBXFileReference; lastKnownFileType = sourcecode.swift; path = HomeView.swift; sourceTree = "<group>"; };
		A5E489FF2895901C0037023C /* HomeViewModel.swift */ = {isa = PBXFileReference; lastKnownFileType = sourcecode.swift; path = HomeViewModel.swift; sourceTree = "<group>"; };
/* End PBXFileReference section */

/* Begin PBXFrameworksBuildPhase section */
		A57185BE286793D600655B31 /* Frameworks */ = {
			isa = PBXFrameworksBuildPhase;
			buildActionMask = 2147483647;
			files = (
			);
			runOnlyForDeploymentPostprocessing = 0;
		};
/* End PBXFrameworksBuildPhase section */

/* Begin PBXGroup section */
		A57185B8286793D600655B31 = {
			isa = PBXGroup;
			children = (
				A57185C3286793D600655B31 /* GameNet */,
				A57185C2286793D600655B31 /* Products */,
			);
			sourceTree = "<group>";
		};
		A57185C2286793D600655B31 /* Products */ = {
			isa = PBXGroup;
			children = (
				A57185C1286793D600655B31 /* GameNet.app */,
			);
			name = Products;
			sourceTree = "<group>";
		};
		A57185C3286793D600655B31 /* GameNet */ = {
			isa = PBXGroup;
			children = (
				A5E489FA28958FFD0037023C /* Home */,
				A57185D62867983600655B31 /* Styles */,
				A57185D32867952D00655B31 /* Extensions */,
				A57185D22867945500655B31 /* Views */,
				A5E489F128958DF20037023C /* ViewModel */,
				A5E489F328958ED90037023C /* Model */,
				A5E489F228958DFC0037023C /* Router */,
				A57185C4286793D600655B31 /* GameNetApp.swift */,
				A57185C8286793D700655B31 /* Assets.xcassets */,
				A57185CA286793D700655B31 /* Preview Content */,
			);
			path = GameNet;
			sourceTree = "<group>";
		};
		A57185CA286793D700655B31 /* Preview Content */ = {
			isa = PBXGroup;
			children = (
				A57185CB286793D700655B31 /* Preview Assets.xcassets */,
			);
			path = "Preview Content";
			sourceTree = "<group>";
		};
		A57185D22867945500655B31 /* Views */ = {
			isa = PBXGroup;
			children = (
				A57185C6286793D600655B31 /* LoginView.swift */,
			);
			path = Views;
			sourceTree = "<group>";
		};
		A57185D32867952D00655B31 /* Extensions */ = {
			isa = PBXGroup;
			children = (
				A57185D42867953F00655B31 /* Color.swift */,
			);
			path = Extensions;
			sourceTree = "<group>";
		};
		A57185D62867983600655B31 /* Styles */ = {
			isa = PBXGroup;
			children = (
				A57185D72867983B00655B31 /* Button */,
			);
			path = Styles;
			sourceTree = "<group>";
		};
		A57185D72867983B00655B31 /* Button */ = {
			isa = PBXGroup;
			children = (
				A57185D82867984400655B31 /* MainButtonStyle.swift */,
			);
			path = Button;
			sourceTree = "<group>";
		};
		A5E489F128958DF20037023C /* ViewModel */ = {
			isa = PBXGroup;
			children = (
				A5E489F828958F4F0037023C /* LoginViewModel.swift */,
			);
			path = ViewModel;
			sourceTree = "<group>";
		};
		A5E489F228958DFC0037023C /* Router */ = {
			isa = PBXGroup;
			children = (
				A5E489F628958F0A0037023C /* LoginRouter.swift */,
			);
			path = Router;
			sourceTree = "<group>";
		};
		A5E489F328958ED90037023C /* Model */ = {
			isa = PBXGroup;
			children = (
				A5E489F428958EE80037023C /* LoginUIState.swift */,
			);
			path = Model;
			sourceTree = "<group>";
		};
		A5E489FA28958FFD0037023C /* Home */ = {
			isa = PBXGroup;
			children = (
				A5E489FB289590030037023C /* View */,
				A5E489FC289590070037023C /* ViewModel */,
			);
			path = Home;
			sourceTree = "<group>";
		};
		A5E489FB289590030037023C /* View */ = {
			isa = PBXGroup;
			children = (
				A5E489FD289590120037023C /* HomeView.swift */,
			);
			path = View;
			sourceTree = "<group>";
		};
		A5E489FC289590070037023C /* ViewModel */ = {
			isa = PBXGroup;
			children = (
				A5E489FF2895901C0037023C /* HomeViewModel.swift */,
			);
			path = ViewModel;
			sourceTree = "<group>";
		};
/* End PBXGroup section */

/* Begin PBXNativeTarget section */
		A57185C0286793D600655B31 /* GameNet */ = {
			isa = PBXNativeTarget;
			buildConfigurationList = A57185CF286793D700655B31 /* Build configuration list for PBXNativeTarget "GameNet" */;
			buildPhases = (
				A57185BD286793D600655B31 /* Sources */,
				A57185BE286793D600655B31 /* Frameworks */,
				A57185BF286793D600655B31 /* Resources */,
			);
			buildRules = (
			);
			dependencies = (
			);
			name = GameNet;
			productName = GameNet;
			productReference = A57185C1286793D600655B31 /* GameNet.app */;
			productType = "com.apple.product-type.application";
		};
/* End PBXNativeTarget section */

/* Begin PBXProject section */
		A57185B9286793D600655B31 /* Project object */ = {
			isa = PBXProject;
			attributes = {
				BuildIndependentTargetsInParallel = 1;
				LastSwiftUpdateCheck = 1340;
				LastUpgradeCheck = 1340;
				TargetAttributes = {
					A57185C0286793D600655B31 = {
						CreatedOnToolsVersion = 13.4.1;
					};
				};
			};
			buildConfigurationList = A57185BC286793D600655B31 /* Build configuration list for PBXProject "GameNet" */;
			compatibilityVersion = "Xcode 13.0";
			developmentRegion = en;
			hasScannedForEncodings = 0;
			knownRegions = (
				en,
				Base,
			);
			mainGroup = A57185B8286793D600655B31;
			productRefGroup = A57185C2286793D600655B31 /* Products */;
			projectDirPath = "";
			projectRoot = "";
			targets = (
				A57185C0286793D600655B31 /* GameNet */,
			);
		};
/* End PBXProject section */

/* Begin PBXResourcesBuildPhase section */
		A57185BF286793D600655B31 /* Resources */ = {
			isa = PBXResourcesBuildPhase;
			buildActionMask = 2147483647;
			files = (
				A57185CC286793D700655B31 /* Preview Assets.xcassets in Resources */,
				A57185C9286793D700655B31 /* Assets.xcassets in Resources */,
			);
			runOnlyForDeploymentPostprocessing = 0;
		};
/* End PBXResourcesBuildPhase section */

/* Begin PBXSourcesBuildPhase section */
		A57185BD286793D600655B31 /* Sources */ = {
			isa = PBXSourcesBuildPhase;
			buildActionMask = 2147483647;
			files = (
				A57185C7286793D600655B31 /* LoginView.swift in Sources */,
				A5E48A002895901C0037023C /* HomeViewModel.swift in Sources */,
				A5E489F528958EE80037023C /* LoginUIState.swift in Sources */,
				A5E489F728958F0A0037023C /* LoginRouter.swift in Sources */,
				A57185C5286793D600655B31 /* GameNetApp.swift in Sources */,
				A57185D92867984400655B31 /* MainButtonStyle.swift in Sources */,
				A5E489FE289590120037023C /* HomeView.swift in Sources */,
				A57185D52867953F00655B31 /* Color.swift in Sources */,
				A5E489F928958F4F0037023C /* LoginViewModel.swift in Sources */,
			);
			runOnlyForDeploymentPostprocessing = 0;
		};
/* End PBXSourcesBuildPhase section */

/* Begin XCBuildConfiguration section */
		A57185CD286793D700655B31 /* Debug */ = {
			isa = XCBuildConfiguration;
			buildSettings = {
				ALWAYS_SEARCH_USER_PATHS = NO;
				CLANG_ANALYZER_NONNULL = YES;
				CLANG_ANALYZER_NUMBER_OBJECT_CONVERSION = YES_AGGRESSIVE;
				CLANG_CXX_LANGUAGE_STANDARD = "gnu++17";
				CLANG_ENABLE_MODULES = YES;
				CLANG_ENABLE_OBJC_ARC = YES;
				CLANG_ENABLE_OBJC_WEAK = YES;
				CLANG_WARN_BLOCK_CAPTURE_AUTORELEASING = YES;
				CLANG_WARN_BOOL_CONVERSION = YES;
				CLANG_WARN_COMMA = YES;
				CLANG_WARN_CONSTANT_CONVERSION = YES;
				CLANG_WARN_DEPRECATED_OBJC_IMPLEMENTATIONS = YES;
				CLANG_WARN_DIRECT_OBJC_ISA_USAGE = YES_ERROR;
				CLANG_WARN_DOCUMENTATION_COMMENTS = YES;
				CLANG_WARN_EMPTY_BODY = YES;
				CLANG_WARN_ENUM_CONVERSION = YES;
				CLANG_WARN_INFINITE_RECURSION = YES;
				CLANG_WARN_INT_CONVERSION = YES;
				CLANG_WARN_NON_LITERAL_NULL_CONVERSION = YES;
				CLANG_WARN_OBJC_IMPLICIT_RETAIN_SELF = YES;
				CLANG_WARN_OBJC_LITERAL_CONVERSION = YES;
				CLANG_WARN_OBJC_ROOT_CLASS = YES_ERROR;
				CLANG_WARN_QUOTED_INCLUDE_IN_FRAMEWORK_HEADER = YES;
				CLANG_WARN_RANGE_LOOP_ANALYSIS = YES;
				CLANG_WARN_STRICT_PROTOTYPES = YES;
				CLANG_WARN_SUSPICIOUS_MOVE = YES;
				CLANG_WARN_UNGUARDED_AVAILABILITY = YES_AGGRESSIVE;
				CLANG_WARN_UNREACHABLE_CODE = YES;
				CLANG_WARN__DUPLICATE_METHOD_MATCH = YES;
				COPY_PHASE_STRIP = NO;
				DEBUG_INFORMATION_FORMAT = dwarf;
				ENABLE_STRICT_OBJC_MSGSEND = YES;
				ENABLE_TESTABILITY = YES;
				GCC_C_LANGUAGE_STANDARD = gnu11;
				GCC_DYNAMIC_NO_PIC = NO;
				GCC_NO_COMMON_BLOCKS = YES;
				GCC_OPTIMIZATION_LEVEL = 0;
				GCC_PREPROCESSOR_DEFINITIONS = (
					"DEBUG=1",
					"$(inherited)",
				);
				GCC_WARN_64_TO_32_BIT_CONVERSION = YES;
				GCC_WARN_ABOUT_RETURN_TYPE = YES_ERROR;
				GCC_WARN_UNDECLARED_SELECTOR = YES;
				GCC_WARN_UNINITIALIZED_AUTOS = YES_AGGRESSIVE;
				GCC_WARN_UNUSED_FUNCTION = YES;
				GCC_WARN_UNUSED_VARIABLE = YES;
				IPHONEOS_DEPLOYMENT_TARGET = 15.5;
				MTL_ENABLE_DEBUG_INFO = INCLUDE_SOURCE;
				MTL_FAST_MATH = YES;
				ONLY_ACTIVE_ARCH = YES;
				SDKROOT = iphoneos;
				SWIFT_ACTIVE_COMPILATION_CONDITIONS = DEBUG;
				SWIFT_OPTIMIZATION_LEVEL = "-Onone";
			};
			name = Debug;
		};
		A57185CE286793D700655B31 /* Release */ = {
			isa = XCBuildConfiguration;
			buildSettings = {
				ALWAYS_SEARCH_USER_PATHS = NO;
				CLANG_ANALYZER_NONNULL = YES;
				CLANG_ANALYZER_NUMBER_OBJECT_CONVERSION = YES_AGGRESSIVE;
				CLANG_CXX_LANGUAGE_STANDARD = "gnu++17";
				CLANG_ENABLE_MODULES = YES;
				CLANG_ENABLE_OBJC_ARC = YES;
				CLANG_ENABLE_OBJC_WEAK = YES;
				CLANG_WARN_BLOCK_CAPTURE_AUTORELEASING = YES;
				CLANG_WARN_BOOL_CONVERSION = YES;
				CLANG_WARN_COMMA = YES;
				CLANG_WARN_CONSTANT_CONVERSION = YES;
				CLANG_WARN_DEPRECATED_OBJC_IMPLEMENTATIONS = YES;
				CLANG_WARN_DIRECT_OBJC_ISA_USAGE = YES_ERROR;
				CLANG_WARN_DOCUMENTATION_COMMENTS = YES;
				CLANG_WARN_EMPTY_BODY = YES;
				CLANG_WARN_ENUM_CONVERSION = YES;
				CLANG_WARN_INFINITE_RECURSION = YES;
				CLANG_WARN_INT_CONVERSION = YES;
				CLANG_WARN_NON_LITERAL_NULL_CONVERSION = YES;
				CLANG_WARN_OBJC_IMPLICIT_RETAIN_SELF = YES;
				CLANG_WARN_OBJC_LITERAL_CONVERSION = YES;
				CLANG_WARN_OBJC_ROOT_CLASS = YES_ERROR;
				CLANG_WARN_QUOTED_INCLUDE_IN_FRAMEWORK_HEADER = YES;
				CLANG_WARN_RANGE_LOOP_ANALYSIS = YES;
				CLANG_WARN_STRICT_PROTOTYPES = YES;
				CLANG_WARN_SUSPICIOUS_MOVE = YES;
				CLANG_WARN_UNGUARDED_AVAILABILITY = YES_AGGRESSIVE;
				CLANG_WARN_UNREACHABLE_CODE = YES;
				CLANG_WARN__DUPLICATE_METHOD_MATCH = YES;
				COPY_PHASE_STRIP = NO;
				DEBUG_INFORMATION_FORMAT = "dwarf-with-dsym";
				ENABLE_NS_ASSERTIONS = NO;
				ENABLE_STRICT_OBJC_MSGSEND = YES;
				GCC_C_LANGUAGE_STANDARD = gnu11;
				GCC_NO_COMMON_BLOCKS = YES;
				GCC_WARN_64_TO_32_BIT_CONVERSION = YES;
				GCC_WARN_ABOUT_RETURN_TYPE = YES_ERROR;
				GCC_WARN_UNDECLARED_SELECTOR = YES;
				GCC_WARN_UNINITIALIZED_AUTOS = YES_AGGRESSIVE;
				GCC_WARN_UNUSED_FUNCTION = YES;
				GCC_WARN_UNUSED_VARIABLE = YES;
				IPHONEOS_DEPLOYMENT_TARGET = 15.5;
				MTL_ENABLE_DEBUG_INFO = NO;
				MTL_FAST_MATH = YES;
				SDKROOT = iphoneos;
				SWIFT_COMPILATION_MODE = wholemodule;
				SWIFT_OPTIMIZATION_LEVEL = "-O";
				VALIDATE_PRODUCT = YES;
			};
			name = Release;
		};
		A57185D0286793D700655B31 /* Debug */ = {
			isa = XCBuildConfiguration;
			buildSettings = {
				ASSETCATALOG_COMPILER_APPICON_NAME = AppIcon;
				ASSETCATALOG_COMPILER_GLOBAL_ACCENT_COLOR_NAME = AccentColor;
				CODE_SIGN_STYLE = Automatic;
				CURRENT_PROJECT_VERSION = 1;
				DEVELOPMENT_ASSET_PATHS = "\"GameNet/Preview Content\"";
				DEVELOPMENT_TEAM = KB2R5P3BHU;
				ENABLE_PREVIEWS = YES;
				GENERATE_INFOPLIST_FILE = YES;
				INFOPLIST_KEY_UIApplicationSceneManifest_Generation = YES;
				INFOPLIST_KEY_UIApplicationSupportsIndirectInputEvents = YES;
				INFOPLIST_KEY_UILaunchScreen_Generation = YES;
				INFOPLIST_KEY_UISupportedInterfaceOrientations_iPad = "UIInterfaceOrientationPortrait UIInterfaceOrientationPortraitUpsideDown UIInterfaceOrientationLandscapeLeft UIInterfaceOrientationLandscapeRight";
				INFOPLIST_KEY_UISupportedInterfaceOrientations_iPhone = "UIInterfaceOrientationPortrait UIInterfaceOrientationLandscapeLeft UIInterfaceOrientationLandscapeRight";
				LD_RUNPATH_SEARCH_PATHS = (
					"$(inherited)",
					"@executable_path/Frameworks",
				);
				MARKETING_VERSION = 1.0;
				PRODUCT_BUNDLE_IDENTIFIER = com.alliston.GameNet;
				PRODUCT_NAME = "$(TARGET_NAME)";
				SWIFT_EMIT_LOC_STRINGS = YES;
				SWIFT_VERSION = 5.0;
				TARGETED_DEVICE_FAMILY = "1,2";
			};
			name = Debug;
		};
		A57185D1286793D700655B31 /* Release */ = {
			isa = XCBuildConfiguration;
			buildSettings = {
				ASSETCATALOG_COMPILER_APPICON_NAME = AppIcon;
				ASSETCATALOG_COMPILER_GLOBAL_ACCENT_COLOR_NAME = AccentColor;
				CODE_SIGN_STYLE = Automatic;
				CURRENT_PROJECT_VERSION = 1;
				DEVELOPMENT_ASSET_PATHS = "\"GameNet/Preview Content\"";
				DEVELOPMENT_TEAM = KB2R5P3BHU;
				ENABLE_PREVIEWS = YES;
				GENERATE_INFOPLIST_FILE = YES;
				INFOPLIST_KEY_UIApplicationSceneManifest_Generation = YES;
				INFOPLIST_KEY_UIApplicationSupportsIndirectInputEvents = YES;
				INFOPLIST_KEY_UILaunchScreen_Generation = YES;
				INFOPLIST_KEY_UISupportedInterfaceOrientations_iPad = "UIInterfaceOrientationPortrait UIInterfaceOrientationPortraitUpsideDown UIInterfaceOrientationLandscapeLeft UIInterfaceOrientationLandscapeRight";
				INFOPLIST_KEY_UISupportedInterfaceOrientations_iPhone = "UIInterfaceOrientationPortrait UIInterfaceOrientationLandscapeLeft UIInterfaceOrientationLandscapeRight";
				LD_RUNPATH_SEARCH_PATHS = (
					"$(inherited)",
					"@executable_path/Frameworks",
				);
				MARKETING_VERSION = 1.0;
				PRODUCT_BUNDLE_IDENTIFIER = com.alliston.GameNet;
				PRODUCT_NAME = "$(TARGET_NAME)";
				SWIFT_EMIT_LOC_STRINGS = YES;
				SWIFT_VERSION = 5.0;
				TARGETED_DEVICE_FAMILY = "1,2";
			};
			name = Release;
		};
/* End XCBuildConfiguration section */

/* Begin XCConfigurationList section */
		A57185BC286793D600655B31 /* Build configuration list for PBXProject "GameNet" */ = {
			isa = XCConfigurationList;
			buildConfigurations = (
				A57185CD286793D700655B31 /* Debug */,
				A57185CE286793D700655B31 /* Release */,
			);
			defaultConfigurationIsVisible = 0;
			defaultConfigurationName = Release;
		};
		A57185CF286793D700655B31 /* Build configuration list for PBXNativeTarget "GameNet" */ = {
			isa = XCConfigurationList;
			buildConfigurations = (
				A57185D0286793D700655B31 /* Debug */,
				A57185D1286793D700655B31 /* Release */,
			);
			defaultConfigurationIsVisible = 0;
			defaultConfigurationName = Release;
		};
/* End XCConfigurationList section */
	};
	rootObject = A57185B9286793D600655B31 /* Project object */;
}
