// !$*UTF8*$!
{
	archiveVersion = 1;
	classes = {
	};
	objectVersion = 77;
	objects = {

/* Begin PBXBuildFile section */
		123B03B919E34BC4357C30B9 /* WidgetGameClient.swift in Sources */ = {isa = PBXBuildFile; fileRef = BC12F2BC319728F94EF8DFED /* WidgetGameClient.swift */; };
		3BB0BCAA5BB4825C5914B69D /* ToggleGameplayIntent.swift in Sources */ = {isa = PBXBuildFile; fileRef = 8EAF41795FAFC28D4BC19D48 /* ToggleGameplayIntent.swift */; };
		3E79A02693BA679E15F35427 /* PlayGameWidget.swift in Sources */ = {isa = PBXBuildFile; fileRef = 378FEBF74BF83FD55DF141C3 /* PlayGameWidget.swift */; };
		581553562020A546DA5A3E0C /* Foundation.framework in Frameworks */ = {isa = PBXBuildFile; fileRef = B7658B48209B6E50E676075F /* Foundation.framework */; };
		A5357E912FCA1BA40094C91E /* GameNet.icon in Resources */ = {isa = PBXBuildFile; fileRef = A5357E902FCA1BA40094C91E /* GameNet.icon */; };
		A5357E922FCA1BA40094C91E /* GameNet.icon in Resources */ = {isa = PBXBuildFile; fileRef = A5357E902FCA1BA40094C91E /* GameNet.icon */; };
		A550C6E32968ABF60043FE74 /* GameNet_WatchApp.swift in Sources */ = {isa = PBXBuildFile; fileRef = A550C6E22968ABF60043FE74 /* GameNet_WatchApp.swift */; };
		A550C6E72968ABF70043FE74 /* Assets.xcassets in Resources */ = {isa = PBXBuildFile; fileRef = A550C6E62968ABF70043FE74 /* Assets.xcassets */; };
		A550C6EA2968ABF70043FE74 /* Preview Assets.xcassets in Resources */ = {isa = PBXBuildFile; fileRef = A550C6E92968ABF70043FE74 /* Preview Assets.xcassets */; };
		A550C6EF2968ADD80043FE74 /* PlayingGamesView.swift in Sources */ = {isa = PBXBuildFile; fileRef = A550C6EE2968ADD80043FE74 /* PlayingGamesView.swift */; };
		A550C6F62968AE3D0043FE74 /* PlayingGamesViewModel.swift in Sources */ = {isa = PBXBuildFile; fileRef = A550C6F52968AE3D0043FE74 /* PlayingGamesViewModel.swift */; };
		A581484A296DF8AD00F52ED7 /* HomeView.swift in Sources */ = {isa = PBXBuildFile; fileRef = A5814849296DF8AD00F52ED7 /* HomeView.swift */; };
		A581484D296DF8CB00F52ED7 /* NotLoggedView.swift in Sources */ = {isa = PBXBuildFile; fileRef = A581484C296DF8CB00F52ED7 /* NotLoggedView.swift */; };
		A59C4499296A10C90097E0F4 /* GameNet.Watch Watch App.app in Embed Watch Content */ = {isa = PBXBuildFile; fileRef = A550C6E02968ABF60043FE74 /* GameNet.Watch Watch App.app */; settings = {ATTRIBUTES = (RemoveHeadersOnCopy, ); }; };
		A5F0B4112F006A1200420411 /* WatchConnectivityManager.swift in Sources */ = {isa = PBXBuildFile; fileRef = A5F0B2012F006A1200420201 /* WatchConnectivityManager.swift */; };
		A5F0B4122F006A1200420412 /* WatchPlayingGamesService.swift in Sources */ = {isa = PBXBuildFile; fileRef = A5F0B2022F006A1200420202 /* WatchPlayingGamesService.swift */; };
		A5F0B4132F006A1200420413 /* WatchConnectivityMessages.swift in Sources */ = {isa = PBXBuildFile; fileRef = A5F0B1012F006A1200420101 /* WatchConnectivityMessages.swift */; };
		A5F0B4142F006A1200420414 /* WatchConnectivityDateCodec.swift in Sources */ = {isa = PBXBuildFile; fileRef = A5F0B1022F006A1200420102 /* WatchConnectivityDateCodec.swift */; };
		A5F0B4152F006A1200420415 /* WatchColor.swift in Sources */ = {isa = PBXBuildFile; fileRef = A5F0B3012F006A1200420301 /* WatchColor.swift */; };
		B6CBFDB9B81E8C81964273D0 /* PlayGameProvider.swift in Sources */ = {isa = PBXBuildFile; fileRef = A2F16DB41D362ECFE5FF3DE0 /* PlayGameProvider.swift */; };
		FDD9AF2030F21186E3E2EEDB /* GameNetWidget.appex in Embed Foundation Extensions */ = {isa = PBXBuildFile; fileRef = C954B4D3AC3929BFAB4FA22C /* GameNetWidget.appex */; settings = {ATTRIBUTES = (RemoveHeadersOnCopy, ); }; };
/* End PBXBuildFile section */

/* Begin PBXContainerItemProxy section */
		A56D956A28996508003C13A3 /* PBXContainerItemProxy */ = {
			isa = PBXContainerItemProxy;
			containerPortal = A57185B9286793D600655B31 /* Project object */;
			proxyType = 1;
			remoteGlobalIDString = A57185C0286793D600655B31;
			remoteInfo = GameNet;
		};
		ED334272AD51777657338734 /* PBXContainerItemProxy */ = {
			isa = PBXContainerItemProxy;
			containerPortal = A57185B9286793D600655B31 /* Project object */;
			proxyType = 1;
			remoteGlobalIDString = 43596BD1BDAE0BA6BAFAD581;
			remoteInfo = GameNetWidget;
		};
/* End PBXContainerItemProxy section */

/* Begin PBXCopyFilesBuildPhase section */
		772F1EF5A7A1A38236464580 /* Embed Foundation Extensions */ = {
			isa = PBXCopyFilesBuildPhase;
			buildActionMask = 2147483647;
			dstPath = "";
			dstSubfolderSpec = 13;
			files = (
				FDD9AF2030F21186E3E2EEDB /* GameNetWidget.appex in Embed Foundation Extensions */,
			);
			name = "Embed Foundation Extensions";
			runOnlyForDeploymentPostprocessing = 0;
		};
		A59C4498296A10C80097E0F4 /* Embed Watch Content */ = {
			isa = PBXCopyFilesBuildPhase;
			buildActionMask = 2147483647;
			dstPath = "$(CONTENTS_FOLDER_PATH)/Watch";
			dstSubfolderSpec = 16;
			files = (
				A59C4499296A10C90097E0F4 /* GameNet.Watch Watch App.app in Embed Watch Content */,
			);
			name = "Embed Watch Content";
			runOnlyForDeploymentPostprocessing = 0;
		};
/* End PBXCopyFilesBuildPhase section */

/* Begin PBXFileReference section */
		378FEBF74BF83FD55DF141C3 /* PlayGameWidget.swift */ = {isa = PBXFileReference; includeInIndex = 1; lastKnownFileType = sourcecode.swift; path = PlayGameWidget.swift; sourceTree = "<group>"; };
		8EAF41795FAFC28D4BC19D48 /* ToggleGameplayIntent.swift */ = {isa = PBXFileReference; includeInIndex = 1; lastKnownFileType = sourcecode.swift; path = ToggleGameplayIntent.swift; sourceTree = "<group>"; };
		A2F16DB41D362ECFE5FF3DE0 /* PlayGameProvider.swift */ = {isa = PBXFileReference; includeInIndex = 1; lastKnownFileType = sourcecode.swift; path = PlayGameProvider.swift; sourceTree = "<group>"; };
		A5357E902FCA1BA40094C91E /* GameNet.icon */ = {isa = PBXFileReference; lastKnownFileType = folder.iconcomposer.icon; path = GameNet.icon; sourceTree = "<group>"; };
		A53B6FBF2968B19500A0F09E /* GameNet.Watch Watch App.entitlements */ = {isa = PBXFileReference; lastKnownFileType = text.plist.entitlements; path = "GameNet.Watch Watch App.entitlements"; sourceTree = "<group>"; };
		A550C6E02968ABF60043FE74 /* GameNet.Watch Watch App.app */ = {isa = PBXFileReference; explicitFileType = wrapper.application; includeInIndex = 0; path = "GameNet.Watch Watch App.app"; sourceTree = BUILT_PRODUCTS_DIR; };
		A550C6E22968ABF60043FE74 /* GameNet_WatchApp.swift */ = {isa = PBXFileReference; lastKnownFileType = sourcecode.swift; path = GameNet_WatchApp.swift; sourceTree = "<group>"; };
		A550C6E62968ABF70043FE74 /* Assets.xcassets */ = {isa = PBXFileReference; lastKnownFileType = folder.assetcatalog; path = Assets.xcassets; sourceTree = "<group>"; };
		A550C6E92968ABF70043FE74 /* Preview Assets.xcassets */ = {isa = PBXFileReference; lastKnownFileType = folder.assetcatalog; path = "Preview Assets.xcassets"; sourceTree = "<group>"; };
		A550C6EE2968ADD80043FE74 /* PlayingGamesView.swift */ = {isa = PBXFileReference; lastKnownFileType = sourcecode.swift; path = PlayingGamesView.swift; sourceTree = "<group>"; };
		A550C6F52968AE3D0043FE74 /* PlayingGamesViewModel.swift */ = {isa = PBXFileReference; lastKnownFileType = sourcecode.swift; path = PlayingGamesViewModel.swift; sourceTree = "<group>"; };
		A55A0D3D2DD24BFA004532F3 /* GameNet.xctestplan */ = {isa = PBXFileReference; lastKnownFileType = text; path = GameNet.xctestplan; sourceTree = "<group>"; };
		A56D956628996508003C13A3 /* GameNetTests.xctest */ = {isa = PBXFileReference; explicitFileType = wrapper.cfbundle; includeInIndex = 0; path = GameNetTests.xctest; sourceTree = BUILT_PRODUCTS_DIR; };
		A57185C1286793D600655B31 /* GameNet.app */ = {isa = PBXFileReference; explicitFileType = wrapper.application; includeInIndex = 0; path = GameNet.app; sourceTree = BUILT_PRODUCTS_DIR; };
		A5814849296DF8AD00F52ED7 /* HomeView.swift */ = {isa = PBXFileReference; lastKnownFileType = sourcecode.swift; path = HomeView.swift; sourceTree = "<group>"; };
		A581484C296DF8CB00F52ED7 /* NotLoggedView.swift */ = {isa = PBXFileReference; lastKnownFileType = sourcecode.swift; path = NotLoggedView.swift; sourceTree = "<group>"; };
		A5D2BCDE2968B64E0030973B /* GameNet-Watch-Watch-App-Info.plist */ = {isa = PBXFileReference; lastKnownFileType = text.plist; path = "GameNet-Watch-Watch-App-Info.plist"; sourceTree = SOURCE_ROOT; };
		A5F0B1012F006A1200420101 /* WatchConnectivityMessages.swift */ = {isa = PBXFileReference; lastKnownFileType = sourcecode.swift; path = WatchConnectivityMessages.swift; sourceTree = "<group>"; };
		A5F0B1022F006A1200420102 /* WatchConnectivityDateCodec.swift */ = {isa = PBXFileReference; lastKnownFileType = sourcecode.swift; path = WatchConnectivityDateCodec.swift; sourceTree = "<group>"; };
		A5F0B2012F006A1200420201 /* WatchConnectivityManager.swift */ = {isa = PBXFileReference; lastKnownFileType = sourcecode.swift; path = WatchConnectivityManager.swift; sourceTree = "<group>"; };
		A5F0B2022F006A1200420202 /* WatchPlayingGamesService.swift */ = {isa = PBXFileReference; lastKnownFileType = sourcecode.swift; path = WatchPlayingGamesService.swift; sourceTree = "<group>"; };
		A5F0B3012F006A1200420301 /* WatchColor.swift */ = {isa = PBXFileReference; lastKnownFileType = sourcecode.swift; path = WatchColor.swift; sourceTree = "<group>"; };
		B7658B48209B6E50E676075F /* Foundation.framework */ = {isa = PBXFileReference; lastKnownFileType = wrapper.framework; name = Foundation.framework; path = Platforms/iPhoneOS.platform/Developer/SDKs/iPhoneOS18.0.sdk/System/Library/Frameworks/Foundation.framework; sourceTree = DEVELOPER_DIR; };
		BC12F2BC319728F94EF8DFED /* WidgetGameClient.swift */ = {isa = PBXFileReference; includeInIndex = 1; lastKnownFileType = sourcecode.swift; path = WidgetGameClient.swift; sourceTree = "<group>"; };
		C954B4D3AC3929BFAB4FA22C /* GameNetWidget.appex */ = {isa = PBXFileReference; explicitFileType = "wrapper.app-extension"; includeInIndex = 0; path = GameNetWidget.appex; sourceTree = BUILT_PRODUCTS_DIR; };
		D173891BBC0EB2AD9BFB91B0 /* Config.xcconfig */ = {isa = PBXFileReference; includeInIndex = 1; lastKnownFileType = text.xcconfig; name = Config.xcconfig; path = GameNet/Resources/Config.xcconfig; sourceTree = "<group>"; };
/* End PBXFileReference section */

/* Begin PBXFileSystemSynchronizedBuildFileExceptionSet section */
		31227174FE3223A2ECA3C812 /* Exceptions for "GameNet" folder in "GameNetWidget" target */ = {
			isa = PBXFileSystemSynchronizedBuildFileExceptionSet;
			membershipExceptions = (
				"Presentation/Extensions/Date+Extensions.swift",
				Shared/Widget/WidgetSharedStore.swift,
			);
			target = 43596BD1BDAE0BA6BAFAD581 /* GameNetWidget */;
		};
		F674558428B8BEBC3CB73A6B /* Exceptions for "GameNet" folder in "GameNet" target */ = {
			isa = PBXFileSystemSynchronizedBuildFileExceptionSet;
			membershipExceptions = (
				Info.plist,
				GameNet.entitlements,
				Resources/Config.xcconfig,
			);
			target = A57185C0286793D600655B31 /* GameNet */;
		};
/* End PBXFileSystemSynchronizedBuildFileExceptionSet section */

/* Begin PBXFileSystemSynchronizedRootGroup section */
		1F5E6D9065CB58458778EAF6 /* GameNet */ = {
			isa = PBXFileSystemSynchronizedRootGroup;
			exceptions = (
				F674558428B8BEBC3CB73A6B /* Exceptions for "GameNet" folder in "GameNet" target */,
				31227174FE3223A2ECA3C812 /* Exceptions for "GameNet" folder in "GameNetWidget" target */,
			);
			path = GameNet;
			sourceTree = "<group>";
		};
		C1498B83FD640C61B7A4A53D /* GameNetTests */ = {
			isa = PBXFileSystemSynchronizedRootGroup;
			exceptions = (
			);
			path = GameNetTests;
			sourceTree = "<group>";
		};
/* End PBXFileSystemSynchronizedRootGroup section */

/* Begin PBXFrameworksBuildPhase section */
		A550C6DD2968ABF60043FE74 /* Frameworks */ = {
			isa = PBXFrameworksBuildPhase;
			buildActionMask = 2147483647;
			files = (
			);
			runOnlyForDeploymentPostprocessing = 0;
		};
		A56D956328996508003C13A3 /* Frameworks */ = {
			isa = PBXFrameworksBuildPhase;
			buildActionMask = 2147483647;
			files = (
			);
			runOnlyForDeploymentPostprocessing = 0;
		};
		A57185BE286793D600655B31 /* Frameworks */ = {
			isa = PBXFrameworksBuildPhase;
			buildActionMask = 2147483647;
			files = (
			);
			runOnlyForDeploymentPostprocessing = 0;
		};
		A8ECB66A3BB8FDDD55F637CD /* Frameworks */ = {
			isa = PBXFrameworksBuildPhase;
			buildActionMask = 2147483647;
			files = (
				581553562020A546DA5A3E0C /* Foundation.framework in Frameworks */,
			);
			runOnlyForDeploymentPostprocessing = 0;
		};
/* End PBXFrameworksBuildPhase section */

/* Begin PBXGroup section */
		52570E0D257C63CEA4DD65C3 /* GameNetWidget */ = {
			isa = PBXGroup;
			children = (
				378FEBF74BF83FD55DF141C3 /* PlayGameWidget.swift */,
				A2F16DB41D362ECFE5FF3DE0 /* PlayGameProvider.swift */,
				8EAF41795FAFC28D4BC19D48 /* ToggleGameplayIntent.swift */,
				BC12F2BC319728F94EF8DFED /* WidgetGameClient.swift */,
			);
			path = GameNetWidget;
			sourceTree = "<group>";
		};
		A550C6E12968ABF60043FE74 /* GameNet.Watch Watch App */ = {
			isa = PBXGroup;
			children = (
				A5D2BCDE2968B64E0030973B /* GameNet-Watch-Watch-App-Info.plist */,
				A53B6FBF2968B19500A0F09E /* GameNet.Watch Watch App.entitlements */,
				A5F0B0102F006A1200420010 /* Shared */,
				A5F0B0202F006A1200420020 /* DataProviders */,
				A550C6F02968AE020043FE74 /* Presentation */,
				A550C6E22968ABF60043FE74 /* GameNet_WatchApp.swift */,
				A550C6E62968ABF70043FE74 /* Assets.xcassets */,
				A550C6E82968ABF70043FE74 /* Preview Content */,
			);
			path = "GameNet.Watch Watch App";
			sourceTree = "<group>";
		};
		A550C6E82968ABF70043FE74 /* Preview Content */ = {
			isa = PBXGroup;
			children = (
				A550C6E92968ABF70043FE74 /* Preview Assets.xcassets */,
			);
			path = "Preview Content";
			sourceTree = "<group>";
		};
		A550C6F02968AE020043FE74 /* Presentation */ = {
			isa = PBXGroup;
			children = (
				A5F0B0302F006A1200420030 /* Extensions */,
				A550C6F12968AE100043FE74 /* Features */,
			);
			path = Presentation;
			sourceTree = "<group>";
		};
		A550C6F12968AE100043FE74 /* Features */ = {
			isa = PBXGroup;
			children = (
				A5814848296DF8A000F52ED7 /* Home */,
				A550C6F22968AE1D0043FE74 /* PlayingGames */,
				A581484B296DF8BB00F52ED7 /* NotLogged */,
			);
			path = Features;
			sourceTree = "<group>";
		};
		A550C6F22968AE1D0043FE74 /* PlayingGames */ = {
			isa = PBXGroup;
			children = (
				A550C6F32968AE250043FE74 /* View */,
				A550C6F42968AE290043FE74 /* ViewModel */,
			);
			path = PlayingGames;
			sourceTree = "<group>";
		};
		A550C6F32968AE250043FE74 /* View */ = {
			isa = PBXGroup;
			children = (
				A550C6EE2968ADD80043FE74 /* PlayingGamesView.swift */,
			);
			path = View;
			sourceTree = "<group>";
		};
		A550C6F42968AE290043FE74 /* ViewModel */ = {
			isa = PBXGroup;
			children = (
				A550C6F52968AE3D0043FE74 /* PlayingGamesViewModel.swift */,
			);
			path = ViewModel;
			sourceTree = "<group>";
		};
		A550C6F72968AEA40043FE74 /* Frameworks */ = {
			isa = PBXGroup;
			children = (
				C33CAE1F6F73DF78B0F06E5B /* iOS */,
			);
			name = Frameworks;
			sourceTree = "<group>";
		};
		A57185B8286793D600655B31 = {
			isa = PBXGroup;
			children = (
				A5357E902FCA1BA40094C91E /* GameNet.icon */,
				A55A0D3D2DD24BFA004532F3 /* GameNet.xctestplan */,
				A550C6E12968ABF60043FE74 /* GameNet.Watch Watch App */,
				A57185C2286793D600655B31 /* Products */,
				A550C6F72968AEA40043FE74 /* Frameworks */,
				52570E0D257C63CEA4DD65C3 /* GameNetWidget */,
				D173891BBC0EB2AD9BFB91B0 /* Config.xcconfig */,
				1F5E6D9065CB58458778EAF6 /* GameNet */,
				C1498B83FD640C61B7A4A53D /* GameNetTests */,
			);
			sourceTree = "<group>";
		};
		A57185C2286793D600655B31 /* Products */ = {
			isa = PBXGroup;
			children = (
				A57185C1286793D600655B31 /* GameNet.app */,
				A550C6E02968ABF60043FE74 /* GameNet.Watch Watch App.app */,
				A56D956628996508003C13A3 /* GameNetTests.xctest */,
				C954B4D3AC3929BFAB4FA22C /* GameNetWidget.appex */,
			);
			name = Products;
			sourceTree = "<group>";
		};
		A5814848296DF8A000F52ED7 /* Home */ = {
			isa = PBXGroup;
			children = (
				A581484E296DF8E200F52ED7 /* View */,
			);
			path = Home;
			sourceTree = "<group>";
		};
		A581484B296DF8BB00F52ED7 /* NotLogged */ = {
			isa = PBXGroup;
			children = (
				A581484C296DF8CB00F52ED7 /* NotLoggedView.swift */,
			);
			path = NotLogged;
			sourceTree = "<group>";
		};
		A581484E296DF8E200F52ED7 /* View */ = {
			isa = PBXGroup;
			children = (
				A5814849296DF8AD00F52ED7 /* HomeView.swift */,
			);
			path = View;
			sourceTree = "<group>";
		};
		A5F0B0102F006A1200420010 /* Shared */ = {
			isa = PBXGroup;
			children = (
				A5F0B1012F006A1200420101 /* WatchConnectivityMessages.swift */,
				A5F0B1022F006A1200420102 /* WatchConnectivityDateCodec.swift */,
			);
			path = Shared;
			sourceTree = "<group>";
		};
		A5F0B0202F006A1200420020 /* DataProviders */ = {
			isa = PBXGroup;
			children = (
				A5F0B2012F006A1200420201 /* WatchConnectivityManager.swift */,
				A5F0B2022F006A1200420202 /* WatchPlayingGamesService.swift */,
			);
			path = DataProviders;
			sourceTree = "<group>";
		};
		A5F0B0302F006A1200420030 /* Extensions */ = {
			isa = PBXGroup;
			children = (
				A5F0B3012F006A1200420301 /* WatchColor.swift */,
			);
			path = Extensions;
			sourceTree = "<group>";
		};
		C33CAE1F6F73DF78B0F06E5B /* iOS */ = {
			isa = PBXGroup;
			children = (
				B7658B48209B6E50E676075F /* Foundation.framework */,
			);
			name = iOS;
			sourceTree = "<group>";
		};
/* End PBXGroup section */

/* Begin PBXNativeTarget section */
		43596BD1BDAE0BA6BAFAD581 /* GameNetWidget */ = {
			isa = PBXNativeTarget;
			buildConfigurationList = 2CE81DE721388EAF98686F72 /* Build configuration list for PBXNativeTarget "GameNetWidget" */;
			buildPhases = (
				4BA52A8EC4D86616C50B5119 /* Sources */,
				A8ECB66A3BB8FDDD55F637CD /* Frameworks */,
				DDC493D89C2473E5F8736CB6 /* Resources */,
			);
			buildRules = (
			);
			dependencies = (
			);
			name = GameNetWidget;
			productName = GameNetWidget;
			productReference = C954B4D3AC3929BFAB4FA22C /* GameNetWidget.appex */;
			productType = "com.apple.product-type.app-extension";
		};
		A550C6DF2968ABF60043FE74 /* GameNet.Watch Watch App */ = {
			isa = PBXNativeTarget;
			buildConfigurationList = A550C6EB2968ABF70043FE74 /* Build configuration list for PBXNativeTarget "GameNet.Watch Watch App" */;
			buildPhases = (
				A550C6DC2968ABF60043FE74 /* Sources */,
				A550C6DD2968ABF60043FE74 /* Frameworks */,
				A550C6DE2968ABF60043FE74 /* Resources */,
			);
			buildRules = (
			);
			dependencies = (
			);
			name = "GameNet.Watch Watch App";
			productName = "GameNet.Watch Watch App";
			productReference = A550C6E02968ABF60043FE74 /* GameNet.Watch Watch App.app */;
			productType = "com.apple.product-type.application";
		};
		A56D956528996508003C13A3 /* GameNetTests */ = {
			isa = PBXNativeTarget;
			buildConfigurationList = A56D956E28996508003C13A3 /* Build configuration list for PBXNativeTarget "GameNetTests" */;
			buildPhases = (
				A56D956228996508003C13A3 /* Sources */,
				A56D956328996508003C13A3 /* Frameworks */,
				A56D956428996508003C13A3 /* Resources */,
			);
			buildRules = (
			);
			dependencies = (
				A56D956B28996508003C13A3 /* PBXTargetDependency */,
			);
			fileSystemSynchronizedGroups = (
				C1498B83FD640C61B7A4A53D /* GameNetTests */,
			);
			name = GameNetTests;
			productName = GameNetTests;
			productReference = A56D956628996508003C13A3 /* GameNetTests.xctest */;
			productType = "com.apple.product-type.bundle.unit-test";
		};
		A57185C0286793D600655B31 /* GameNet */ = {
			isa = PBXNativeTarget;
			buildConfigurationList = A57185CF286793D700655B31 /* Build configuration list for PBXNativeTarget "GameNet" */;
			buildPhases = (
				A57185BD286793D600655B31 /* Sources */,
				A57185BE286793D600655B31 /* Frameworks */,
				A57185BF286793D600655B31 /* Resources */,
				A59C4498296A10C80097E0F4 /* Embed Watch Content */,
				772F1EF5A7A1A38236464580 /* Embed Foundation Extensions */,
			);
			buildRules = (
			);
			dependencies = (
				01A9561AD099747AAE63F3D5 /* PBXTargetDependency */,
			);
			fileSystemSynchronizedGroups = (
				1F5E6D9065CB58458778EAF6 /* GameNet */,
			);
			name = GameNet;
			packageProductDependencies = (
				A51AA6A32899539A0081AE4B /* Factory */,
				A536616A2899820700D52088 /* OHHTTPStubs */,
				A536616C2899820700D52088 /* OHHTTPStubsSwift */,
				A5F18C5429D2554200E712F5 /* CachedAsyncImage */,
				A54D44CF2CE4DAED00C0EC3B /* FirebaseAnalytics */,
				A54D44D12CE4DAED00C0EC3B /* FirebaseCore */,
				A54D44D32CE4DAED00C0EC3B /* FirebaseRemoteConfig */,
				A5AE543D2CE67BE8007EF068 /* StepperView */,
				A5675A392E80851400AF066A /* TTProgressHUD */,
			);
			productName = GameNet;
			productReference = A57185C1286793D600655B31 /* GameNet.app */;
			productType = "com.apple.product-type.application";
		};
/* End PBXNativeTarget section */

/* Begin PBXProject section */
		A57185B9286793D600655B31 /* Project object */ = {
			isa = PBXProject;
			attributes = {
				BuildIndependentTargetsInParallel = 1;
				LastSwiftUpdateCheck = 1420;
				LastUpgradeCheck = 1340;
				TargetAttributes = {
					43596BD1BDAE0BA6BAFAD581 = {
						CreatedOnToolsVersion = 26.0;
						ProvisioningStyle = Automatic;
					};
					A550C6DF2968ABF60043FE74 = {
						CreatedOnToolsVersion = 14.2;
					};
					A56D956528996508003C13A3 = {
						CreatedOnToolsVersion = 13.4.1;
						TestTargetID = A57185C0286793D600655B31;
					};
					A57185C0286793D600655B31 = {
						CreatedOnToolsVersion = 13.4.1;
					};
				};
			};
			buildConfigurationList = A57185BC286793D600655B31 /* Build configuration list for PBXProject "GameNet" */;
			compatibilityVersion = "Xcode 13.0";
			developmentRegion = en;
			hasScannedForEncodings = 0;
			knownRegions = (
				en,
				Base,
			);
			mainGroup = A57185B8286793D600655B31;
			packageReferences = (
				A51AA6A22899539A0081AE4B /* XCRemoteSwiftPackageReference "Factory" */,
				A53661692899820700D52088 /* XCRemoteSwiftPackageReference "OHHTTPStubs" */,
				A5F18C5329D2554200E712F5 /* XCRemoteSwiftPackageReference "swiftui-cached-async-image" */,
				A54D44CE2CE4DAED00C0EC3B /* XCRemoteSwiftPackageReference "firebase-ios-sdk" */,
				A5AE543C2CE67BE8007EF068 /* XCRemoteSwiftPackageReference "StepperView" */,
				A5675A382E80851400AF066A /* XCRemoteSwiftPackageReference "TTProgressHUD" */,
			);
			productRefGroup = A57185C2286793D600655B31 /* Products */;
			projectDirPath = "";
			projectRoot = "";
			targets = (
				A57185C0286793D600655B31 /* GameNet */,
				A550C6DF2968ABF60043FE74 /* GameNet.Watch Watch App */,
				A56D956528996508003C13A3 /* GameNetTests */,
				43596BD1BDAE0BA6BAFAD581 /* GameNetWidget */,
			);
		};
/* End PBXProject section */

/* Begin PBXResourcesBuildPhase section */
		A550C6DE2968ABF60043FE74 /* Resources */ = {
			isa = PBXResourcesBuildPhase;
			buildActionMask = 2147483647;
			files = (
				A550C6EA2968ABF70043FE74 /* Preview Assets.xcassets in Resources */,
				A5357E912FCA1BA40094C91E /* GameNet.icon in Resources */,
				A550C6E72968ABF70043FE74 /* Assets.xcassets in Resources */,
			);
			runOnlyForDeploymentPostprocessing = 0;
		};
		A56D956428996508003C13A3 /* Resources */ = {
			isa = PBXResourcesBuildPhase;
			buildActionMask = 2147483647;
			files = (
			);
			runOnlyForDeploymentPostprocessing = 0;
		};
		A57185BF286793D600655B31 /* Resources */ = {
			isa = PBXResourcesBuildPhase;
			buildActionMask = 2147483647;
			files = (
				A5357E922FCA1BA40094C91E /* GameNet.icon in Resources */,
			);
			runOnlyForDeploymentPostprocessing = 0;
		};
		DDC493D89C2473E5F8736CB6 /* Resources */ = {
			isa = PBXResourcesBuildPhase;
			buildActionMask = 2147483647;
			files = (
			);
			runOnlyForDeploymentPostprocessing = 0;
		};
/* End PBXResourcesBuildPhase section */

/* Begin PBXSourcesBuildPhase section */
		4BA52A8EC4D86616C50B5119 /* Sources */ = {
			isa = PBXSourcesBuildPhase;
			buildActionMask = 2147483647;
			files = (
				3E79A02693BA679E15F35427 /* PlayGameWidget.swift in Sources */,
				B6CBFDB9B81E8C81964273D0 /* PlayGameProvider.swift in Sources */,
				3BB0BCAA5BB4825C5914B69D /* ToggleGameplayIntent.swift in Sources */,
				123B03B919E34BC4357C30B9 /* WidgetGameClient.swift in Sources */,
			);
			runOnlyForDeploymentPostprocessing = 0;
		};
		A550C6DC2968ABF60043FE74 /* Sources */ = {
			isa = PBXSourcesBuildPhase;
			buildActionMask = 2147483647;
			files = (
				A550C6E32968ABF60043FE74 /* GameNet_WatchApp.swift in Sources */,
				A550C6EF2968ADD80043FE74 /* PlayingGamesView.swift in Sources */,
				A550C6F62968AE3D0043FE74 /* PlayingGamesViewModel.swift in Sources */,
				A581484A296DF8AD00F52ED7 /* HomeView.swift in Sources */,
				A581484D296DF8CB00F52ED7 /* NotLoggedView.swift in Sources */,
				A5F0B4112F006A1200420411 /* WatchConnectivityManager.swift in Sources */,
				A5F0B4122F006A1200420412 /* WatchPlayingGamesService.swift in Sources */,
				A5F0B4132F006A1200420413 /* WatchConnectivityMessages.swift in Sources */,
				A5F0B4142F006A1200420414 /* WatchConnectivityDateCodec.swift in Sources */,
				A5F0B4152F006A1200420415 /* WatchColor.swift in Sources */,
			);
			runOnlyForDeploymentPostprocessing = 0;
		};
		A56D956228996508003C13A3 /* Sources */ = {
			isa = PBXSourcesBuildPhase;
			buildActionMask = 2147483647;
			files = (
			);
			runOnlyForDeploymentPostprocessing = 0;
		};
		A57185BD286793D600655B31 /* Sources */ = {
			isa = PBXSourcesBuildPhase;
			buildActionMask = 2147483647;
			files = (
			);
			runOnlyForDeploymentPostprocessing = 0;
		};
/* End PBXSourcesBuildPhase section */

/* Begin PBXTargetDependency section */
		01A9561AD099747AAE63F3D5 /* PBXTargetDependency */ = {
			isa = PBXTargetDependency;
			name = GameNetWidget;
			target = 43596BD1BDAE0BA6BAFAD581 /* GameNetWidget */;
			targetProxy = ED334272AD51777657338734 /* PBXContainerItemProxy */;
		};
		A56D956B28996508003C13A3 /* PBXTargetDependency */ = {
			isa = PBXTargetDependency;
			target = A57185C0286793D600655B31 /* GameNet */;
			targetProxy = A56D956A28996508003C13A3 /* PBXContainerItemProxy */;
		};
/* End PBXTargetDependency section */

/* Begin XCBuildConfiguration section */
		0A2AD027EEF1B2176274B0AB /* Release */ = {
			isa = XCBuildConfiguration;
			buildSettings = {
				CLANG_ENABLE_OBJC_WEAK = NO;
				CODE_SIGN_ENTITLEMENTS = GameNetWidget/GameNetWidget.entitlements;
				CODE_SIGN_STYLE = Automatic;
				CURRENT_PROJECT_VERSION = 1;
				DEVELOPMENT_TEAM = 56JG4Q8S7U;
				ENABLE_PREVIEWS = YES;
				GENERATE_INFOPLIST_FILE = NO;
				INFOPLIST_FILE = GameNetWidget/Info.plist;
				IPHONEOS_DEPLOYMENT_TARGET = 26.0;
				LD_RUNPATH_SEARCH_PATHS = (
					"$(inherited)",
					"@executable_path/Frameworks",
					"@executable_path/../../Frameworks",
				);
				MARKETING_VERSION = 1.0;
				PRODUCT_BUNDLE_IDENTIFIER = com.alliston.GameNetApp.Widget;
				PRODUCT_NAME = "$(TARGET_NAME)";
				SDKROOT = iphoneos;
				SKIP_INSTALL = YES;
				SWIFT_ACTIVE_COMPILATION_CONDITIONS = "";
				SWIFT_EMIT_LOC_STRINGS = YES;
				SWIFT_VERSION = 5.0;
				TARGETED_DEVICE_FAMILY = "1,2";
				VALIDATE_PRODUCT = YES;
			};
			name = Release;
		};
		A550C6EC2968ABF70043FE74 /* Debug */ = {
			isa = XCBuildConfiguration;
			buildSettings = {
				ASSETCATALOG_COMPILER_APPICON_NAME = GameNet;
				ASSETCATALOG_COMPILER_GLOBAL_ACCENT_COLOR_NAME = AccentColor;
				CLANG_CXX_LANGUAGE_STANDARD = "gnu++20";
				CODE_SIGN_ENTITLEMENTS = "GameNet.Watch Watch App/GameNet.Watch Watch App.entitlements";
				CODE_SIGN_STYLE = Automatic;
				CURRENT_PROJECT_VERSION = 1;
				DEVELOPMENT_ASSET_PATHS = "\"GameNet.Watch Watch App/Preview Content\"";
				DEVELOPMENT_TEAM = 56JG4Q8S7U;
				ENABLE_PREVIEWS = YES;
				GENERATE_INFOPLIST_FILE = YES;
				INFOPLIST_FILE = "GameNet-Watch-Watch-App-Info.plist";
				INFOPLIST_KEY_CFBundleDisplayName = GameNet;
				INFOPLIST_KEY_UISupportedInterfaceOrientations = "UIInterfaceOrientationPortrait UIInterfaceOrientationPortraitUpsideDown";
				INFOPLIST_KEY_WKCompanionAppBundleIdentifier = com.alliston.GameNetApp;
				LD_RUNPATH_SEARCH_PATHS = (
					"$(inherited)",
					"@executable_path/Frameworks",
				);
				MARKETING_VERSION = 1.2.3;
				PRODUCT_BUNDLE_IDENTIFIER = com.alliston.GameNetApp.Watch;
				PRODUCT_NAME = "$(TARGET_NAME)";
				SDKROOT = watchos;
				SKIP_INSTALL = YES;
				SWIFT_EMIT_LOC_STRINGS = YES;
				SWIFT_VERSION = 5.0;
				TARGETED_DEVICE_FAMILY = 4;
				WATCHOS_DEPLOYMENT_TARGET = 26.0;
			};
			name = Debug;
		};
		A550C6ED2968ABF70043FE74 /* Release */ = {
			isa = XCBuildConfiguration;
			buildSettings = {
				ASSETCATALOG_COMPILER_APPICON_NAME = GameNet;
				ASSETCATALOG_COMPILER_GLOBAL_ACCENT_COLOR_NAME = AccentColor;
				CLANG_CXX_LANGUAGE_STANDARD = "gnu++20";
				CODE_SIGN_ENTITLEMENTS = "GameNet.Watch Watch App/GameNet.Watch Watch App.entitlements";
				CODE_SIGN_STYLE = Automatic;
				CURRENT_PROJECT_VERSION = 1;
				DEVELOPMENT_ASSET_PATHS = "\"GameNet.Watch Watch App/Preview Content\"";
				DEVELOPMENT_TEAM = 56JG4Q8S7U;
				ENABLE_PREVIEWS = YES;
				GENERATE_INFOPLIST_FILE = YES;
				INFOPLIST_FILE = "GameNet-Watch-Watch-App-Info.plist";
				INFOPLIST_KEY_CFBundleDisplayName = GameNet;
				INFOPLIST_KEY_UISupportedInterfaceOrientations = "UIInterfaceOrientationPortrait UIInterfaceOrientationPortraitUpsideDown";
				INFOPLIST_KEY_WKCompanionAppBundleIdentifier = com.alliston.GameNetApp;
				LD_RUNPATH_SEARCH_PATHS = (
					"$(inherited)",
					"@executable_path/Frameworks",
				);
				MARKETING_VERSION = 1.2.3;
				PRODUCT_BUNDLE_IDENTIFIER = com.alliston.GameNetApp.Watch;
				PRODUCT_NAME = "$(TARGET_NAME)";
				SDKROOT = watchos;
				SKIP_INSTALL = YES;
				SWIFT_EMIT_LOC_STRINGS = YES;
				SWIFT_VERSION = 5.0;
				TARGETED_DEVICE_FAMILY = 4;
				WATCHOS_DEPLOYMENT_TARGET = 26.0;
			};
			name = Release;
		};
		A56D956C28996508003C13A3 /* Debug */ = {
			isa = XCBuildConfiguration;
			buildSettings = {
				BUNDLE_LOADER = "$(TEST_HOST)";
				CODE_SIGN_STYLE = Automatic;
				CURRENT_PROJECT_VERSION = 1;
				DEVELOPMENT_TEAM = KB2R5P3BHU;
				GENERATE_INFOPLIST_FILE = YES;
				IPHONEOS_DEPLOYMENT_TARGET = 26.0;
				MARKETING_VERSION = 1.0;
				PRODUCT_BUNDLE_IDENTIFIER = com.alliston.GameNetTests;
				PRODUCT_NAME = "$(TARGET_NAME)";
				SUPPORTED_PLATFORMS = "iphoneos iphonesimulator watchos watchsimulator";
				SUPPORTS_MACCATALYST = YES;
				SUPPORTS_MAC_DESIGNED_FOR_IPHONE_IPAD = YES;
				SWIFT_EMIT_LOC_STRINGS = NO;
				SWIFT_VERSION = 5.0;
				TARGETED_DEVICE_FAMILY = "1,2,4";
				TEST_HOST = "$(BUILT_PRODUCTS_DIR)/GameNet.app/GameNet";
				WATCHOS_DEPLOYMENT_TARGET = 26.0;
			};
			name = Debug;
		};
		A56D956D28996508003C13A3 /* Release */ = {
			isa = XCBuildConfiguration;
			buildSettings = {
				BUNDLE_LOADER = "$(TEST_HOST)";
				CODE_SIGN_STYLE = Automatic;
				CURRENT_PROJECT_VERSION = 1;
				DEVELOPMENT_TEAM = KB2R5P3BHU;
				GENERATE_INFOPLIST_FILE = YES;
				IPHONEOS_DEPLOYMENT_TARGET = 26.0;
				MARKETING_VERSION = 1.0;
				PRODUCT_BUNDLE_IDENTIFIER = com.alliston.GameNetTests;
				PRODUCT_NAME = "$(TARGET_NAME)";
				SUPPORTED_PLATFORMS = "iphoneos iphonesimulator watchos watchsimulator";
				SUPPORTS_MACCATALYST = YES;
				SUPPORTS_MAC_DESIGNED_FOR_IPHONE_IPAD = YES;
				SWIFT_EMIT_LOC_STRINGS = NO;
				SWIFT_VERSION = 5.0;
				TARGETED_DEVICE_FAMILY = "1,2,4";
				TEST_HOST = "$(BUILT_PRODUCTS_DIR)/GameNet.app/GameNet";
				WATCHOS_DEPLOYMENT_TARGET = 26.0;
			};
			name = Release;
		};
		A57185CD286793D700655B31 /* Debug */ = {
			isa = XCBuildConfiguration;
			baseConfigurationReference = D173891BBC0EB2AD9BFB91B0 /* Config.xcconfig */;
			buildSettings = {
				ALWAYS_SEARCH_USER_PATHS = NO;
				CLANG_ANALYZER_NONNULL = YES;
				CLANG_ANALYZER_NUMBER_OBJECT_CONVERSION = YES_AGGRESSIVE;
				CLANG_CXX_LANGUAGE_STANDARD = "gnu++17";
				CLANG_ENABLE_MODULES = YES;
				CLANG_ENABLE_OBJC_ARC = YES;
				CLANG_ENABLE_OBJC_WEAK = YES;
				CLANG_WARN_BLOCK_CAPTURE_AUTORELEASING = YES;
				CLANG_WARN_BOOL_CONVERSION = YES;
				CLANG_WARN_COMMA = YES;
				CLANG_WARN_CONSTANT_CONVERSION = YES;
				CLANG_WARN_DEPRECATED_OBJC_IMPLEMENTATIONS = YES;
				CLANG_WARN_DIRECT_OBJC_ISA_USAGE = YES_ERROR;
				CLANG_WARN_DOCUMENTATION_COMMENTS = YES;
				CLANG_WARN_EMPTY_BODY = YES;
				CLANG_WARN_ENUM_CONVERSION = YES;
				CLANG_WARN_INFINITE_RECURSION = YES;
				CLANG_WARN_INT_CONVERSION = YES;
				CLANG_WARN_NON_LITERAL_NULL_CONVERSION = YES;
				CLANG_WARN_OBJC_IMPLICIT_RETAIN_SELF = YES;
				CLANG_WARN_OBJC_LITERAL_CONVERSION = YES;
				CLANG_WARN_OBJC_ROOT_CLASS = YES_ERROR;
				CLANG_WARN_QUOTED_INCLUDE_IN_FRAMEWORK_HEADER = YES;
				CLANG_WARN_RANGE_LOOP_ANALYSIS = YES;
				CLANG_WARN_STRICT_PROTOTYPES = YES;
				CLANG_WARN_SUSPICIOUS_MOVE = YES;
				CLANG_WARN_UNGUARDED_AVAILABILITY = YES_AGGRESSIVE;
				CLANG_WARN_UNREACHABLE_CODE = YES;
				CLANG_WARN__DUPLICATE_METHOD_MATCH = YES;
				COPY_PHASE_STRIP = NO;
				DEBUG_INFORMATION_FORMAT = dwarf;
				ENABLE_STRICT_OBJC_MSGSEND = YES;
				ENABLE_TESTABILITY = YES;
				GCC_C_LANGUAGE_STANDARD = gnu11;
				GCC_DYNAMIC_NO_PIC = NO;
				GCC_NO_COMMON_BLOCKS = YES;
				GCC_OPTIMIZATION_LEVEL = 0;
				GCC_PREPROCESSOR_DEFINITIONS = (
					"DEBUG=1",
					"$(inherited)",
				);
				GCC_WARN_64_TO_32_BIT_CONVERSION = YES;
				GCC_WARN_ABOUT_RETURN_TYPE = YES_ERROR;
				GCC_WARN_UNDECLARED_SELECTOR = YES;
				GCC_WARN_UNINITIALIZED_AUTOS = YES_AGGRESSIVE;
				GCC_WARN_UNUSED_FUNCTION = YES;
				GCC_WARN_UNUSED_VARIABLE = YES;
				IPHONEOS_DEPLOYMENT_TARGET = 15.5;
				MTL_ENABLE_DEBUG_INFO = INCLUDE_SOURCE;
				MTL_FAST_MATH = YES;
				ONLY_ACTIVE_ARCH = YES;
				SDKROOT = iphoneos;
				SWIFT_ACTIVE_COMPILATION_CONDITIONS = DEBUG;
				SWIFT_OPTIMIZATION_LEVEL = "-Onone";
			};
			name = Debug;
		};
		A57185CE286793D700655B31 /* Release */ = {
			isa = XCBuildConfiguration;
			baseConfigurationReference = D173891BBC0EB2AD9BFB91B0 /* Config.xcconfig */;
			buildSettings = {
				ALWAYS_SEARCH_USER_PATHS = NO;
				CLANG_ANALYZER_NONNULL = YES;
				CLANG_ANALYZER_NUMBER_OBJECT_CONVERSION = YES_AGGRESSIVE;
				CLANG_CXX_LANGUAGE_STANDARD = "gnu++17";
				CLANG_ENABLE_MODULES = YES;
				CLANG_ENABLE_OBJC_ARC = YES;
				CLANG_ENABLE_OBJC_WEAK = YES;
				CLANG_WARN_BLOCK_CAPTURE_AUTORELEASING = YES;
				CLANG_WARN_BOOL_CONVERSION = YES;
				CLANG_WARN_COMMA = YES;
				CLANG_WARN_CONSTANT_CONVERSION = YES;
				CLANG_WARN_DEPRECATED_OBJC_IMPLEMENTATIONS = YES;
				CLANG_WARN_DIRECT_OBJC_ISA_USAGE = YES_ERROR;
				CLANG_WARN_DOCUMENTATION_COMMENTS = YES;
				CLANG_WARN_EMPTY_BODY = YES;
				CLANG_WARN_ENUM_CONVERSION = YES;
				CLANG_WARN_INFINITE_RECURSION = YES;
				CLANG_WARN_INT_CONVERSION = YES;
				CLANG_WARN_NON_LITERAL_NULL_CONVERSION = YES;
				CLANG_WARN_OBJC_IMPLICIT_RETAIN_SELF = YES;
				CLANG_WARN_OBJC_LITERAL_CONVERSION = YES;
				CLANG_WARN_OBJC_ROOT_CLASS = YES_ERROR;
				CLANG_WARN_QUOTED_INCLUDE_IN_FRAMEWORK_HEADER = YES;
				CLANG_WARN_RANGE_LOOP_ANALYSIS = YES;
				CLANG_WARN_STRICT_PROTOTYPES = YES;
				CLANG_WARN_SUSPICIOUS_MOVE = YES;
				CLANG_WARN_UNGUARDED_AVAILABILITY = YES_AGGRESSIVE;
				CLANG_WARN_UNREACHABLE_CODE = YES;
				CLANG_WARN__DUPLICATE_METHOD_MATCH = YES;
				COPY_PHASE_STRIP = NO;
				DEBUG_INFORMATION_FORMAT = "dwarf-with-dsym";
				ENABLE_NS_ASSERTIONS = NO;
				ENABLE_STRICT_OBJC_MSGSEND = YES;
				GCC_C_LANGUAGE_STANDARD = gnu11;
				GCC_NO_COMMON_BLOCKS = YES;
				GCC_WARN_64_TO_32_BIT_CONVERSION = YES;
				GCC_WARN_ABOUT_RETURN_TYPE = YES_ERROR;
				GCC_WARN_UNDECLARED_SELECTOR = YES;
				GCC_WARN_UNINITIALIZED_AUTOS = YES_AGGRESSIVE;
				GCC_WARN_UNUSED_FUNCTION = YES;
				GCC_WARN_UNUSED_VARIABLE = YES;
				IPHONEOS_DEPLOYMENT_TARGET = 15.5;
				MTL_ENABLE_DEBUG_INFO = NO;
				MTL_FAST_MATH = YES;
				SDKROOT = iphoneos;
				SWIFT_COMPILATION_MODE = wholemodule;
				SWIFT_OPTIMIZATION_LEVEL = "-O";
				VALIDATE_PRODUCT = YES;
			};
			name = Release;
		};
		A57185D0286793D700655B31 /* Debug */ = {
			isa = XCBuildConfiguration;
			baseConfigurationReference = D173891BBC0EB2AD9BFB91B0 /* Config.xcconfig */;
			buildSettings = {
				ASSETCATALOG_COMPILER_APPICON_NAME = GameNet;
				ASSETCATALOG_COMPILER_GLOBAL_ACCENT_COLOR_NAME = AccentColor;
				CODE_SIGN_ENTITLEMENTS = GameNet/GameNet.entitlements;
				CODE_SIGN_IDENTITY = "Apple Development";
				CODE_SIGN_STYLE = Automatic;
				CURRENT_PROJECT_VERSION = 1;
				DEVELOPMENT_ASSET_PATHS = "\"GameNet/Preview Content\"";
				DEVELOPMENT_TEAM = 56JG4Q8S7U;
				ENABLE_PREVIEWS = YES;
				GENERATE_INFOPLIST_FILE = YES;
				INFOPLIST_FILE = GameNet/Info.plist;
				INFOPLIST_KEY_UIApplicationSceneManifest_Generation = YES;
				INFOPLIST_KEY_UIApplicationSupportsIndirectInputEvents = YES;
				INFOPLIST_KEY_UILaunchScreen_Generation = YES;
				INFOPLIST_KEY_UISupportedInterfaceOrientations_iPad = "UIInterfaceOrientationPortrait UIInterfaceOrientationPortraitUpsideDown UIInterfaceOrientationLandscapeLeft UIInterfaceOrientationLandscapeRight";
				INFOPLIST_KEY_UISupportedInterfaceOrientations_iPhone = "UIInterfaceOrientationPortrait UIInterfaceOrientationLandscapeLeft UIInterfaceOrientationLandscapeRight";
				IPHONEOS_DEPLOYMENT_TARGET = 26.0;
				LD_RUNPATH_SEARCH_PATHS = (
					"$(inherited)",
					"@executable_path/Frameworks",
				);
				MARKETING_VERSION = 1.7.2;
				PRODUCT_BUNDLE_IDENTIFIER = com.alliston.GameNetApp;
				PRODUCT_NAME = "$(TARGET_NAME)";
				PROVISIONING_PROFILE_SPECIFIER = "";
				SUPPORTED_PLATFORMS = "appletvos appletvsimulator iphoneos iphonesimulator";
				SUPPORTS_MACCATALYST = NO;
				SWIFT_EMIT_LOC_STRINGS = YES;
				SWIFT_VERSION = 5.0;
				TARGETED_DEVICE_FAMILY = "1,2,3";
				TVOS_DEPLOYMENT_TARGET = 26.0;
			};
			name = Debug;
		};
		A57185D1286793D700655B31 /* Release */ = {
			isa = XCBuildConfiguration;
			baseConfigurationReference = D173891BBC0EB2AD9BFB91B0 /* Config.xcconfig */;
			buildSettings = {
				ASSETCATALOG_COMPILER_APPICON_NAME = GameNet;
				ASSETCATALOG_COMPILER_GLOBAL_ACCENT_COLOR_NAME = AccentColor;
				CODE_SIGN_ENTITLEMENTS = GameNet/GameNet.entitlements;
				CODE_SIGN_IDENTITY = "Apple Development";
				CODE_SIGN_STYLE = Automatic;
				CURRENT_PROJECT_VERSION = 1;
				DEVELOPMENT_ASSET_PATHS = "\"GameNet/Preview Content\"";
				DEVELOPMENT_TEAM = 56JG4Q8S7U;
				ENABLE_PREVIEWS = YES;
				GENERATE_INFOPLIST_FILE = YES;
				INFOPLIST_FILE = GameNet/Info.plist;
				INFOPLIST_KEY_UIApplicationSceneManifest_Generation = YES;
				INFOPLIST_KEY_UIApplicationSupportsIndirectInputEvents = YES;
				INFOPLIST_KEY_UILaunchScreen_Generation = YES;
				INFOPLIST_KEY_UISupportedInterfaceOrientations_iPad = "UIInterfaceOrientationPortrait UIInterfaceOrientationPortraitUpsideDown UIInterfaceOrientationLandscapeLeft UIInterfaceOrientationLandscapeRight";
				INFOPLIST_KEY_UISupportedInterfaceOrientations_iPhone = "UIInterfaceOrientationPortrait UIInterfaceOrientationLandscapeLeft UIInterfaceOrientationLandscapeRight";
				IPHONEOS_DEPLOYMENT_TARGET = 26.0;
				LD_RUNPATH_SEARCH_PATHS = (
					"$(inherited)",
					"@executable_path/Frameworks",
				);
				MARKETING_VERSION = 1.7.2;
				PRODUCT_BUNDLE_IDENTIFIER = com.alliston.GameNetApp;
				PRODUCT_NAME = "$(TARGET_NAME)";
				PROVISIONING_PROFILE_SPECIFIER = "";
				SUPPORTED_PLATFORMS = "appletvos appletvsimulator iphoneos iphonesimulator";
				SUPPORTS_MACCATALYST = NO;
				SWIFT_EMIT_LOC_STRINGS = YES;
				SWIFT_VERSION = 5.0;
				TARGETED_DEVICE_FAMILY = "1,2,3";
				TVOS_DEPLOYMENT_TARGET = 26.0;
			};
			name = Release;
		};
		D821D7D65B0610C3ED3BC6A0 /* Debug */ = {
			isa = XCBuildConfiguration;
			buildSettings = {
				CLANG_ENABLE_OBJC_WEAK = NO;
				CODE_SIGN_ENTITLEMENTS = GameNetWidget/GameNetWidget.entitlements;
				CODE_SIGN_STYLE = Automatic;
				CURRENT_PROJECT_VERSION = 1;
				DEVELOPMENT_TEAM = 56JG4Q8S7U;
				ENABLE_PREVIEWS = YES;
				GENERATE_INFOPLIST_FILE = NO;
				INFOPLIST_FILE = GameNetWidget/Info.plist;
				IPHONEOS_DEPLOYMENT_TARGET = 26.0;
				LD_RUNPATH_SEARCH_PATHS = (
					"$(inherited)",
					"@executable_path/Frameworks",
					"@executable_path/../../Frameworks",
				);
				MARKETING_VERSION = 1.0;
				PRODUCT_BUNDLE_IDENTIFIER = com.alliston.GameNetApp.Widget;
				PRODUCT_NAME = "$(TARGET_NAME)";
				SDKROOT = iphoneos;
				SKIP_INSTALL = YES;
				SWIFT_ACTIVE_COMPILATION_CONDITIONS = DEBUG;
				SWIFT_EMIT_LOC_STRINGS = YES;
				SWIFT_VERSION = 5.0;
				TARGETED_DEVICE_FAMILY = "1,2";
			};
			name = Debug;
		};
/* End XCBuildConfiguration section */

/* Begin XCConfigurationList section */
		2CE81DE721388EAF98686F72 /* Build configuration list for PBXNativeTarget "GameNetWidget" */ = {
			isa = XCConfigurationList;
			buildConfigurations = (
				0A2AD027EEF1B2176274B0AB /* Release */,
				D821D7D65B0610C3ED3BC6A0 /* Debug */,
			);
			defaultConfigurationIsVisible = 0;
			defaultConfigurationName = Release;
		};
		A550C6EB2968ABF70043FE74 /* Build configuration list for PBXNativeTarget "GameNet.Watch Watch App" */ = {
			isa = XCConfigurationList;
			buildConfigurations = (
				A550C6EC2968ABF70043FE74 /* Debug */,
				A550C6ED2968ABF70043FE74 /* Release */,
			);
			defaultConfigurationIsVisible = 0;
			defaultConfigurationName = Release;
		};
		A56D956E28996508003C13A3 /* Build configuration list for PBXNativeTarget "GameNetTests" */ = {
			isa = XCConfigurationList;
			buildConfigurations = (
				A56D956C28996508003C13A3 /* Debug */,
				A56D956D28996508003C13A3 /* Release */,
			);
			defaultConfigurationIsVisible = 0;
			defaultConfigurationName = Release;
		};
		A57185BC286793D600655B31 /* Build configuration list for PBXProject "GameNet" */ = {
			isa = XCConfigurationList;
			buildConfigurations = (
				A57185CD286793D700655B31 /* Debug */,
				A57185CE286793D700655B31 /* Release */,
			);
			defaultConfigurationIsVisible = 0;
			defaultConfigurationName = Release;
		};
		A57185CF286793D700655B31 /* Build configuration list for PBXNativeTarget "GameNet" */ = {
			isa = XCConfigurationList;
			buildConfigurations = (
				A57185D0286793D700655B31 /* Debug */,
				A57185D1286793D700655B31 /* Release */,
			);
			defaultConfigurationIsVisible = 0;
			defaultConfigurationName = Release;
		};
/* End XCConfigurationList section */

/* Begin XCRemoteSwiftPackageReference section */
		A51AA6A22899539A0081AE4B /* XCRemoteSwiftPackageReference "Factory" */ = {
			isa = XCRemoteSwiftPackageReference;
			repositoryURL = "https://github.com/hmlongco/Factory";
			requirement = {
				branch = main;
				kind = branch;
			};
		};
		A53661692899820700D52088 /* XCRemoteSwiftPackageReference "OHHTTPStubs" */ = {
			isa = XCRemoteSwiftPackageReference;
			repositoryURL = "https://github.com/AliSoftware/OHHTTPStubs.git";
			requirement = {
				kind = upToNextMajorVersion;
				minimumVersion = 9.0.0;
			};
		};
		A54D44CE2CE4DAED00C0EC3B /* XCRemoteSwiftPackageReference "firebase-ios-sdk" */ = {
			isa = XCRemoteSwiftPackageReference;
			repositoryURL = "https://github.com/firebase/firebase-ios-sdk";
			requirement = {
				kind = upToNextMajorVersion;
				minimumVersion = 11.5.0;
			};
		};
		A5675A382E80851400AF066A /* XCRemoteSwiftPackageReference "TTProgressHUD" */ = {
			isa = XCRemoteSwiftPackageReference;
			repositoryURL = "https://github.com/allistoncarlos/TTProgressHUD";
			requirement = {
				branch = feature/tvOS;
				kind = branch;
			};
		};
		A5AE543C2CE67BE8007EF068 /* XCRemoteSwiftPackageReference "StepperView" */ = {
			isa = XCRemoteSwiftPackageReference;
			repositoryURL = "https://github.com/badrinathvm/StepperView.git";
			requirement = {
				kind = upToNextMajorVersion;
				minimumVersion = 1.6.7;
			};
		};
		A5F18C5329D2554200E712F5 /* XCRemoteSwiftPackageReference "swiftui-cached-async-image" */ = {
			isa = XCRemoteSwiftPackageReference;
			repositoryURL = "https://github.com/lorenzofiamingo/swiftui-cached-async-image";
			requirement = {
				branch = main;
				kind = branch;
			};
		};
/* End XCRemoteSwiftPackageReference section */

/* Begin XCSwiftPackageProductDependency section */
		A51AA6A32899539A0081AE4B /* Factory */ = {
			isa = XCSwiftPackageProductDependency;
			package = A51AA6A22899539A0081AE4B /* XCRemoteSwiftPackageReference "Factory" */;
			productName = Factory;
		};
		A536616A2899820700D52088 /* OHHTTPStubs */ = {
			isa = XCSwiftPackageProductDependency;
			package = A53661692899820700D52088 /* XCRemoteSwiftPackageReference "OHHTTPStubs" */;
			productName = OHHTTPStubs;
		};
		A536616C2899820700D52088 /* OHHTTPStubsSwift */ = {
			isa = XCSwiftPackageProductDependency;
			package = A53661692899820700D52088 /* XCRemoteSwiftPackageReference "OHHTTPStubs" */;
			productName = OHHTTPStubsSwift;
		};
		A54D44CF2CE4DAED00C0EC3B /* FirebaseAnalytics */ = {
			isa = XCSwiftPackageProductDependency;
			package = A54D44CE2CE4DAED00C0EC3B /* XCRemoteSwiftPackageReference "firebase-ios-sdk" */;
			productName = FirebaseAnalytics;
		};
		A54D44D12CE4DAED00C0EC3B /* FirebaseCore */ = {
			isa = XCSwiftPackageProductDependency;
			package = A54D44CE2CE4DAED00C0EC3B /* XCRemoteSwiftPackageReference "firebase-ios-sdk" */;
			productName = FirebaseCore;
		};
		A54D44D32CE4DAED00C0EC3B /* FirebaseRemoteConfig */ = {
			isa = XCSwiftPackageProductDependency;
			package = A54D44CE2CE4DAED00C0EC3B /* XCRemoteSwiftPackageReference "firebase-ios-sdk" */;
			productName = FirebaseRemoteConfig;
		};
		A5675A392E80851400AF066A /* TTProgressHUD */ = {
			isa = XCSwiftPackageProductDependency;
			package = A5675A382E80851400AF066A /* XCRemoteSwiftPackageReference "TTProgressHUD" */;
			productName = TTProgressHUD;
		};
		A5AE543D2CE67BE8007EF068 /* StepperView */ = {
			isa = XCSwiftPackageProductDependency;
			package = A5AE543C2CE67BE8007EF068 /* XCRemoteSwiftPackageReference "StepperView" */;
			productName = StepperView;
		};
		A5F18C5429D2554200E712F5 /* CachedAsyncImage */ = {
			isa = XCSwiftPackageProductDependency;
			package = A5F18C5329D2554200E712F5 /* XCRemoteSwiftPackageReference "swiftui-cached-async-image" */;
			productName = CachedAsyncImage;
		};
/* End XCSwiftPackageProductDependency section */
	};
	rootObject = A57185B9286793D600655B31 /* Project object */;
}
