{
  "pins" : [
    {
      "identity" : "alamofire",
      "kind" : "remoteSourceControl",
      "location" : "https://github.com/Alamofire/Alamofire.git",
      "state" : {
        "revision" : "8dd85aee02e39dd280c75eef88ffdb86eed4b07b",
        "version" : "5.6.2"
      }
    },
    {
      "identity" : "factory",
      "kind" : "remoteSourceControl",
      "location" : "https://github.com/hmlongco/Factory",
      "state" : {
        "revision" : "8557426f3286e20b631ecdac8115242f888656e0",
        "version" : "1.2.8"
      }
    },
    {
      "identity" : "gamenet.keychain",
      "kind" : "remoteSourceControl",
      "location" : "https://github.com/allistoncarlos/GameNet.Keychain",
      "state" : {
        "branch" : "main",
        "revision" : "667b2ca288dc8b8b31b41b22b20729fee2c7e82d"
      }
    },
    {
      "identity" : "gamenet.network",
      "kind" : "remoteSourceControl",
      "location" : "https://github.com/allistoncarlos/GameNet.Network",
      "state" : {
        "branch" : "main",
        "revision" : "6b63fb5061aa5bf482c8108284915469f14a428a"
      }
    },
    {
      "identity" : "keychainaccess",
      "kind" : "remoteSourceControl",
      "location" : "https://github.com/kishikawakatsumi/KeychainAccess",
      "state" : {
        "branch" : "master",
        "revision" : "6299daec1d74be12164fec090faf9ed14d0da9d6"
      }
    },
    {
      "identity" : "ohhttpstubs",
      "kind" : "remoteSourceControl",
      "location" : "https://github.com/AliSoftware/OHHTTPStubs.git",
      "state" : {
        "revision" : "12f19662426d0434d6c330c6974d53e2eb10ecd9",
        "version" : "9.1.0"
      }
    },
    {
      "identity" : "pulse",
      "kind" : "remoteSourceControl",
      "location" : "https://github.com/kean/Pulse.git",
      "state" : {
        "revision" : "403699c645e0872fa8986366a7015da334f0f48b",
        "version" : "1.1.0"
      }
    },
    {
      "identity" : "swift-log",
      "kind" : "remoteSourceControl",
      "location" : "https://github.com/apple/swift-log.git",
      "state" : {
        "revision" : "5d66f7ba25daf4f94100e7022febf3c75e37a6c7",
        "version" : "1.4.2"
      }
    },
    {
      "identity" : "swiftui-cached-async-image",
      "kind" : "remoteSourceControl",
      "location" : "https://github.com/lorenzofiamingo/swiftui-cached-async-image",
      "state" : {
        "branch" : "main",
        "revision" : "f94be38411297c71aa8df69c6875127e6d8d7a92"
      }
    },
    {
      "identity" : "swiftui-visual-effects",
      "kind" : "remoteSourceControl",
      "location" : "https://github.com/lucasbrown/swiftui-visual-effects.git",
      "state" : {
        "revision" : "b26f8cebd55ff60ed8953768aa818dfb005b5838",
        "version" : "1.0.3"
      }
    },
    {
      "identity" : "ttprogresshud",
      "kind" : "remoteSourceControl",
      "location" : "https://github.com/honkmaster/TTProgressHUD",
      "state" : {
        "branch" : "master",
        "revision" : "9059a560a66b6b8dc27a441af5831e51ce741f84"
      }
    }
  ],
  "version" : 2
}
